// !$*UTF8*$!
{
	archiveVersion = 1;
	classes = {
	};
	objectVersion = 46;
	objects = {

/* Begin PBXAggregateTarget section */
		4406920927BF65BF3AF03894 /* Marauder - All */ = {
			isa = PBXAggregateTarget;
			buildConfigurationList = 68370BDF0C689B031BDCB834;
			buildPhases = (
			);
			dependencies = (
				9219F5896B9676A100062407,
				E80DB93920F1A80AD14C021C,
				622C74C9D0BCB1AE4415593B,
				86D39F598949ACB844CA6317,
			);
			name = "Marauder - All";
			productName = Marauder;
		};
/* End PBXAggregateTarget section */

/* Begin PBXBuildFile section */
		0068DD9A0D719D9CF7350D82 /* include_juce_audio_utils.mm */ = {isa = PBXBuildFile; fileRef = FB3B5371526A7D500084B71B; };
		0158C7E2311DB0BF67682C39 /* include_juce_gui_basics.mm */ = {isa = PBXBuildFile; fileRef = 734B9D9D5ECE159139759C72; };
		0D3A9313CDEE4BC197A9E9AE /* MultiBandProcessor.cpp */ = {isa = PBXBuildFile; fileRef = F908257CA51E8B1E59F747B0; };
		1123631AD5E83E3EC1A4EF09 /* include_juce_core.mm */ = {isa = PBXBuildFile; fileRef = 37D950A8CCF30D84D8D7AB9B; };
		13914A87DED99E00AF4D8421 /* DiscRecording.framework */ = {isa = PBXBuildFile; fileRef = D3166A0E88BA3B2A3E0F4601; };
		1C014521821910A347F32C25 /* include_juce_audio_plugin_client_Standalone.cpp */ = {isa = PBXBuildFile; fileRef = 47F9ECE024D081C033E067D0; };
		1FBF33A856812284110A9F0F /* UI-Paint.cpp */ = {isa = PBXBuildFile; fileRef = 59EA4DE083A24BF3BD5B997B; };
		3434845C2291FF65FEF17B18 /* AudioUnit.framework */ = {isa = PBXBuildFile; fileRef = F008AECAA4D730D752C6394E; };
		387B312691B3BAAFDCE3F3AA /* AudioToolbox.framework */ = {isa = PBXBuildFile; fileRef = 364552E319C79C7A60246075; };
		38E8B84D818DC03DF3DDECF3 /* include_juce_audio_plugin_client_utils.cpp */ = {isa = PBXBuildFile; fileRef = 99EAE11B62D158501957D053; };
		3BBC9CA1FC8BB6FED8BB1AF3 /* include_juce_audio_plugin_client_VST_utils.mm */ = {isa = PBXBuildFile; fileRef = 466F1177AFD5450E7912C526; };
		3D7003A0D20C4A894C8B4B33 /* include_juce_dsp.mm */ = {isa = PBXBuildFile; fileRef = DFF76B6EB70DE66296DFEDD2; };
		435AA5FB342A33E8D50C3CB8 /* include_juce_audio_plugin_client_ARA.cpp */ = {isa = PBXBuildFile; fileRef = 4A72AB6F28BE6D7118D17C70; };
		4B30F20D79F0914E300803E7 /* Header.cpp */ = {isa = PBXBuildFile; fileRef = 57B555EDAC84E1BFEE79BD3E; };
		5413AA098AE84583191FDE82 /* Foundation.framework */ = {isa = PBXBuildFile; fileRef = F9D8569D7C67EEB747A5FD61; };
		545FC1F26B5F173405EC5201 /* include_juce_audio_processors_ara.cpp */ = {isa = PBXBuildFile; fileRef = 7EC5341BB965D27D5C5E46DD; };
		581573B88CE2F33B4BBC0830 /* AU */ = {isa = PBXBuildFile; fileRef = AE8944A3D5F7CED713B05492; };
		5A823D93EBDF8647451F32B9 /* BinaryData2.cpp */ = {isa = PBXBuildFile; fileRef = D6AF6429D03AB2B441D0C0B1; };
		5C94D380BF55B7C7E4357417 /* include_juce_audio_plugin_client_VST3.cpp */ = {isa = PBXBuildFile; fileRef = E41136F89FACB0D6ADBF20DC; };
		5F9350C2E160A5BBAD9DEC42 /* BinaryData3.cpp */ = {isa = PBXBuildFile; fileRef = 6C36C1C52F7E8BC663CFAC2F; };
		6369E57B6AE84259CCA7A4F7 /* WebKit.framework */ = {isa = PBXBuildFile; fileRef = 126BFB72EA716560F0ECEF9C; };
		6C474AE3C506D81115B664CD /* Shared Code */ = {isa = PBXBuildFile; fileRef = B8D42D20502B9D854B7E9671; };
		7B426560B74D78B7BE4BC396 /* Accelerate.framework */ = {isa = PBXBuildFile; fileRef = 56B141A080DE067605C036F0; };
		878F1B24CBF9DA13C6C87119 /* IOKit.framework */ = {isa = PBXBuildFile; fileRef = 98E9EE26EB56A2090D7E93F5; };
		8BF9D0385F97560481645D31 /* MenuLAF.cpp */ = {isa = PBXBuildFile; fileRef = EED3F1ED78A5E365A1A8E87C; };
		8CA062D190BDA0680A6B00A2 /* include_juce_audio_plugin_client_AU.r */ = {isa = PBXBuildFile; fileRef = D78A9556E8EB1DC206F78806; };
		8D5955DD93BC1E198B2A0BBE /* Cocoa.framework */ = {isa = PBXBuildFile; fileRef = 880BDBFDDCDDB610B98EFCC4; };
		8EB344843D65C504BAE0CF95 /* Globals.cpp */ = {isa = PBXBuildFile; fileRef = DFF613CFDEC024D3F9A7BB4E; };
		9047383CF5AE7D117201538E /* PluginEditor.cpp */ = {isa = PBXBuildFile; fileRef = B7CC532AE129DEA0DCA9D181; };
		94280EFD9BA26AE4EC2B3F8B /* UI-InitWindow.cpp */ = {isa = PBXBuildFile; fileRef = 98B40C1FAC1AE6CD2809DF84; };
		947957F831669EC78958E9B9 /* QuartzCore.framework */ = {isa = PBXBuildFile; fileRef = 462B35918F05AE76172EF271; };
		A0FB442E03ACE8019449B25D /* CoreAudio.framework */ = {isa = PBXBuildFile; fileRef = 920E58C6B5F6C9D00BBAB6F8; };
		A5CE7E254315A5303FD9D7B3 /* BinaryData4.cpp */ = {isa = PBXBuildFile; fileRef = BFBA20BB48DEFBBB69B5CC7F; };
		A893F41E49D087BED52624AD /* include_juce_audio_formats.mm */ = {isa = PBXBuildFile; fileRef = E3C20D3AF14B00D2EC449DF2; };
		A89D141F6412DDD21EB8FD6D /* include_juce_audio_processors_lv2_libs.cpp */ = {isa = PBXBuildFile; fileRef = 9B83B174D9F6860F3E6412C5; };
		AA94BCA13A9756562BF654B4 /* include_juce_graphics.mm */ = {isa = PBXBuildFile; fileRef = F838817192D0CDC82F4A9929; };
		ABAECB9B800B5BE5F2F40138 /* PanelLAF.cpp */ = {isa = PBXBuildFile; fileRef = 654DAA82F3AE97362EFE9A29; };
		AE04DA1930101E8CC1DEF5DC /* UI-Constructor.cpp */ = {isa = PBXBuildFile; fileRef = AA6351A78C0803B8108AAC99; };
		AFC9C8F6126572635CCFD267 /* include_juce_gui_extra.mm */ = {isa = PBXBuildFile; fileRef = E61638D62174DE092553A7E3; };
		B2D32C338CA270AE860636F4 /* CoreAudioKit.framework */ = {isa = PBXBuildFile; fileRef = A79D013111C53237F62B6805; };
		BCFC1A2C83FD2DA74D8A69CE /* SettingsPage.cpp */ = {isa = PBXBuildFile; fileRef = FB0426541E594E47F0155BCE; };
		C39980552E1250EDB46E9381 /* FullDial.cpp */ = {isa = PBXBuildFile; fileRef = CD0D49F73A7941C9D7CD14D7; };
		C724F10496CC86454E5AE698 /* include_juce_data_structures.mm */ = {isa = PBXBuildFile; fileRef = 05DCC87952D86901F63DF00E; };
		CA770AD1DB049743BB08E4C8 /* CoreMIDI.framework */ = {isa = PBXBuildFile; fileRef = BF66A183262F6D1C3B8372E4; };
		D313CFCCAD2CBD87C4B078B1 /* IOModule.cpp */ = {isa = PBXBuildFile; fileRef = 6AE0EBFDD9D6BE242E5059BC; };
		D500E775655FF2766B2AD496 /* include_juce_audio_processors.mm */ = {isa = PBXBuildFile; fileRef = 7187EFFFEDE2AA642B14FD60; };
		D6965D684FFDFA53616439AC /* include_juce_audio_basics.mm */ = {isa = PBXBuildFile; fileRef = B18B942EB4983292D6EAAB72; };
		DCAA78A90AF86110CDB12E9A /* VST3 */ = {isa = PBXBuildFile; fileRef = CE876527D934B5087C56E199; };
		E12F11FBAD0FF5A2860BC650 /* Themes.cpp */ = {isa = PBXBuildFile; fileRef = 1D563C5E0952F7EB5D439FA8; };
		E83E4718016299613115895E /* Buttons.cpp */ = {isa = PBXBuildFile; fileRef = 77DEAC68470BE91BF68A8F96; };
		E8B9FD5BD35BA59315A9F1BC /* include_viator_modules.cpp */ = {isa = PBXBuildFile; fileRef = 1FF8592EAB9B64479151BB09; };
		ED7E0A9B337272D820FEBDC0 /* include_juce_audio_plugin_client_AU_1.mm */ = {isa = PBXBuildFile; fileRef = 3381FA3A7401AA61D51118D0; };
		F078DDD4C2213DC67406D54F /* UI-Resized.cpp */ = {isa = PBXBuildFile; fileRef = 6298D17F9BA9FEF2FE03010B; };
		F0D02FDE1F7D19A007F54EEA /* BinaryData.cpp */ = {isa = PBXBuildFile; fileRef = 902C5582DC3D7006E842165F; };
		F18BF9EDF089154890AE8290 /* UI-SaveWindow.cpp */ = {isa = PBXBuildFile; fileRef = B533EC64EEACECF422CCFAE9; };
		F4D60BBA1A9891ACA378713A /* PluginProcessor.cpp */ = {isa = PBXBuildFile; fileRef = 6150467D7D3FD3AF59BCDA70; };
		F5CC9DAB802A379F554B7EB7 /* include_juce_audio_devices.mm */ = {isa = PBXBuildFile; fileRef = 0619709D0FF7DC7BEF9C1AF3; };
		FB22FCED26D96E6B982EAD7B /* Standalone Plugin */ = {isa = PBXBuildFile; fileRef = 0B1C0178BF30BC2C98D875DF; };
		FB9F8D89134E49B5A5AF571B /* include_juce_audio_plugin_client_AU_2.mm */ = {isa = PBXBuildFile; fileRef = ACAAB859FDE128934B03F92F; };
		FFBB85BC2B94D5AB1D4315CA /* RecentFilesMenuTemplate.nib */ = {isa = PBXBuildFile; fileRef = BC58D6BB5BCEAD08CC2792B6; };
		FFDB08989B23701C13C97766 /* include_juce_events.mm */ = {isa = PBXBuildFile; fileRef = D70124239B80740380A29FE6; };
/* End PBXBuildFile section */

/* Begin PBXFileReference section */
		05DCC87952D86901F63DF00E /* include_juce_data_structures.mm */ /* include_juce_data_structures.mm */ = {isa = PBXFileReference; lastKnownFileType = sourcecode.cpp.objcpp; name = include_juce_data_structures.mm; path = ../../JuceLibraryCode/include_juce_data_structures.mm; sourceTree = SOURCE_ROOT; };
		0619709D0FF7DC7BEF9C1AF3 /* include_juce_audio_devices.mm */ /* include_juce_audio_devices.mm */ = {isa = PBXFileReference; lastKnownFileType = sourcecode.cpp.objcpp; name = include_juce_audio_devices.mm; path = ../../JuceLibraryCode/include_juce_audio_devices.mm; sourceTree = SOURCE_ROOT; };
		0B1C0178BF30BC2C98D875DF /* Standalone Plugin */ = {isa = PBXFileReference; explicitFileType = wrapper.application; includeInIndex = 0; path = Marauder.app; sourceTree = BUILT_PRODUCTS_DIR; };
		126BFB72EA716560F0ECEF9C /* WebKit.framework */ /* WebKit.framework */ = {isa = PBXFileReference; lastKnownFileType = wrapper.framework; name = WebKit.framework; path = System/Library/Frameworks/WebKit.framework; sourceTree = SDKROOT; };
		155AAB9B51009CBCA0326F7B /* PluginProcessor.h */ /* PluginProcessor.h */ = {isa = PBXFileReference; lastKnownFileType = sourcecode.c.h; name = PluginProcessor.h; path = ../../Source/PluginProcessor.h; sourceTree = SOURCE_ROOT; };
		15AD7FD01462D5514109A30B /* juce_dsp */ /* juce_dsp */ = {isa = PBXFileReference; lastKnownFileType = folder; name = juce_dsp; path = ../../../../JUCE/modules/juce_dsp; sourceTree = SOURCE_ROOT; };
		16DCA7040752A1649F3DE7A2 /* MultiBandProcessor.h */ /* MultiBandProcessor.h */ = {isa = PBXFileReference; lastKnownFileType = sourcecode.c.h; name = MultiBandProcessor.h; path = ../../Source/DSP/MultiBandProcessor.h; sourceTree = SOURCE_ROOT; };
		186E0E59AC04CE2C7393D772 /* Buttons.h */ /* Buttons.h */ = {isa = PBXFileReference; lastKnownFileType = sourcecode.c.h; name = Buttons.h; path = ../../Source/GUI/LookAndFeel/Buttons.h; sourceTree = SOURCE_ROOT; };
		1D563C5E0952F7EB5D439FA8 /* Themes.cpp */ /* Themes.cpp */ = {isa = PBXFileReference; lastKnownFileType = sourcecode.cpp.cpp; name = Themes.cpp; path = "../../Source/GUI/UI-Methods/Themes.cpp"; sourceTree = SOURCE_ROOT; };
		1FF8592EAB9B64479151BB09 /* include_viator_modules.cpp */ /* include_viator_modules.cpp */ = {isa = PBXFileReference; lastKnownFileType = sourcecode.cpp.cpp; name = include_viator_modules.cpp; path = ../../JuceLibraryCode/include_viator_modules.cpp; sourceTree = SOURCE_ROOT; };
		22CA419272F055DD7C8364BA /* JucePluginDefines.h */ /* JucePluginDefines.h */ = {isa = PBXFileReference; lastKnownFileType = sourcecode.c.h; name = JucePluginDefines.h; path = ../../JuceLibraryCode/JucePluginDefines.h; sourceTree = SOURCE_ROOT; };
		23910407A4AF803CE06886A9 /* Info-AU.plist */ /* Info-AU.plist */ = {isa = PBXFileReference; lastKnownFileType = text.plist.xml; name = "Info-AU.plist"; path = "Info-AU.plist"; sourceTree = SOURCE_ROOT; };
		28540CD1B209C0ED97AE5061 /* led_off.png */ /* led_off.png */ = {isa = PBXFileReference; lastKnownFileType = image.png; name = led_off.png; path = ../../Source/Assets/led_off.png; sourceTree = SOURCE_ROOT; };
		29C53F6F4E5CA538E6F283B3 /* juce_audio_basics */ /* juce_audio_basics */ = {isa = PBXFileReference; lastKnownFileType = folder; name = juce_audio_basics; path = ../../../../JUCE/modules/juce_audio_basics; sourceTree = SOURCE_ROOT; };
		3381FA3A7401AA61D51118D0 /* include_juce_audio_plugin_client_AU_1.mm */ /* include_juce_audio_plugin_client_AU_1.mm */ = {isa = PBXFileReference; lastKnownFileType = sourcecode.cpp.objcpp; name = include_juce_audio_plugin_client_AU_1.mm; path = ../../JuceLibraryCode/include_juce_audio_plugin_client_AU_1.mm; sourceTree = SOURCE_ROOT; };
		364552E319C79C7A60246075 /* AudioToolbox.framework */ /* AudioToolbox.framework */ = {isa = PBXFileReference; lastKnownFileType = wrapper.framework; name = AudioToolbox.framework; path = System/Library/Frameworks/AudioToolbox.framework; sourceTree = SDKROOT; };
		37D950A8CCF30D84D8D7AB9B /* include_juce_core.mm */ /* include_juce_core.mm */ = {isa = PBXFileReference; lastKnownFileType = sourcecode.cpp.objcpp; name = include_juce_core.mm; path = ../../JuceLibraryCode/include_juce_core.mm; sourceTree = SOURCE_ROOT; };
		462B35918F05AE76172EF271 /* QuartzCore.framework */ /* QuartzCore.framework */ = {isa = PBXFileReference; lastKnownFileType = wrapper.framework; name = QuartzCore.framework; path = System/Library/Frameworks/QuartzCore.framework; sourceTree = SDKROOT; };
		466F1177AFD5450E7912C526 /* include_juce_audio_plugin_client_VST_utils.mm */ /* include_juce_audio_plugin_client_VST_utils.mm */ = {isa = PBXFileReference; lastKnownFileType = sourcecode.cpp.objcpp; name = include_juce_audio_plugin_client_VST_utils.mm; path = ../../JuceLibraryCode/include_juce_audio_plugin_client_VST_utils.mm; sourceTree = SOURCE_ROOT; };
		47F9ECE024D081C033E067D0 /* include_juce_audio_plugin_client_Standalone.cpp */ /* include_juce_audio_plugin_client_Standalone.cpp */ = {isa = PBXFileReference; lastKnownFileType = sourcecode.cpp.cpp; name = include_juce_audio_plugin_client_Standalone.cpp; path = ../../JuceLibraryCode/include_juce_audio_plugin_client_Standalone.cpp; sourceTree = SOURCE_ROOT; };
		4A72AB6F28BE6D7118D17C70 /* include_juce_audio_plugin_client_ARA.cpp */ /* include_juce_audio_plugin_client_ARA.cpp */ = {isa = PBXFileReference; lastKnownFileType = sourcecode.cpp.cpp; name = include_juce_audio_plugin_client_ARA.cpp; path = ../../JuceLibraryCode/include_juce_audio_plugin_client_ARA.cpp; sourceTree = SOURCE_ROOT; };
		51514B80C7F8BAEF0387354D /* viator_modules */ /* viator_modules */ = {isa = PBXFileReference; lastKnownFileType = folder; name = viator_modules; path = ../../JuceLibraryCode/modules/viator_modules; sourceTree = SOURCE_ROOT; };
		529650F0EA00C7E1F7F8EF0B /* SettingsPage.h */ /* SettingsPage.h */ = {isa = PBXFileReference; lastKnownFileType = sourcecode.c.h; name = SettingsPage.h; path = ../../Source/GUI/Components/SettingsPage.h; sourceTree = SOURCE_ROOT; };
		537579DE9E1C3183A0EF1E78 /* PluginEditor.h */ /* PluginEditor.h */ = {isa = PBXFileReference; lastKnownFileType = sourcecode.c.h; name = PluginEditor.h; path = ../../Source/PluginEditor.h; sourceTree = SOURCE_ROOT; };
		53D3C374A721CBDC3F1BB583 /* juce_audio_devices */ /* juce_audio_devices */ = {isa = PBXFileReference; lastKnownFileType = folder; name = juce_audio_devices; path = ../../../../JUCE/modules/juce_audio_devices; sourceTree = SOURCE_ROOT; };
		56B141A080DE067605C036F0 /* Accelerate.framework */ /* Accelerate.framework */ = {isa = PBXFileReference; lastKnownFileType = wrapper.framework; name = Accelerate.framework; path = System/Library/Frameworks/Accelerate.framework; sourceTree = SDKROOT; };
		57B555EDAC84E1BFEE79BD3E /* Header.cpp */ /* Header.cpp */ = {isa = PBXFileReference; lastKnownFileType = sourcecode.cpp.cpp; name = Header.cpp; path = ../../Source/GUI/Components/Header.cpp; sourceTree = SOURCE_ROOT; };
		58504C8E63168A6A080843C8 /* juce_audio_utils */ /* juce_audio_utils */ = {isa = PBXFileReference; lastKnownFileType = folder; name = juce_audio_utils; path = ../../../../JUCE/modules/juce_audio_utils; sourceTree = SOURCE_ROOT; };
		59EA4DE083A24BF3BD5B997B /* UI-Paint.cpp */ /* UI-Paint.cpp */ = {isa = PBXFileReference; lastKnownFileType = sourcecode.cpp.cpp; name = "UI-Paint.cpp"; path = "../../Source/GUI/UI-Methods/UI-Paint.cpp"; sourceTree = SOURCE_ROOT; };
		5D02ACBB4FC6765C2ED6870A /* IOModule.h */ /* IOModule.h */ = {isa = PBXFileReference; lastKnownFileType = sourcecode.c.h; name = IOModule.h; path = ../../Source/GUI/Components/IOModule.h; sourceTree = SOURCE_ROOT; };
		6150467D7D3FD3AF59BCDA70 /* PluginProcessor.cpp */ /* PluginProcessor.cpp */ = {isa = PBXFileReference; lastKnownFileType = sourcecode.cpp.cpp; name = PluginProcessor.cpp; path = ../../Source/PluginProcessor.cpp; sourceTree = SOURCE_ROOT; };
		6298D17F9BA9FEF2FE03010B /* UI-Resized.cpp */ /* UI-Resized.cpp */ = {isa = PBXFileReference; lastKnownFileType = sourcecode.cpp.cpp; name = "UI-Resized.cpp"; path = "../../Source/GUI/UI-Methods/UI-Resized.cpp"; sourceTree = SOURCE_ROOT; };
		654DAA82F3AE97362EFE9A29 /* PanelLAF.cpp */ /* PanelLAF.cpp */ = {isa = PBXFileReference; lastKnownFileType = sourcecode.cpp.cpp; name = PanelLAF.cpp; path = ../../Source/GUI/LookAndFeel/PanelLAF.cpp; sourceTree = SOURCE_ROOT; };
		6AE0EBFDD9D6BE242E5059BC /* IOModule.cpp */ /* IOModule.cpp */ = {isa = PBXFileReference; lastKnownFileType = sourcecode.cpp.cpp; name = IOModule.cpp; path = ../../Source/GUI/Components/IOModule.cpp; sourceTree = SOURCE_ROOT; };
		6B495148858B8F32A36919AB /* Globals.h */ /* Globals.h */ = {isa = PBXFileReference; lastKnownFileType = sourcecode.c.h; name = Globals.h; path = ../../Source/Parameters/Globals.h; sourceTree = SOURCE_ROOT; };
		6C36C1C52F7E8BC663CFAC2F /* BinaryData3.cpp */ /* BinaryData3.cpp */ = {isa = PBXFileReference; lastKnownFileType = sourcecode.cpp.cpp; name = BinaryData3.cpp; path = ../../JuceLibraryCode/BinaryData3.cpp; sourceTree = SOURCE_ROOT; };
		7187EFFFEDE2AA642B14FD60 /* include_juce_audio_processors.mm */ /* include_juce_audio_processors.mm */ = {isa = PBXFileReference; lastKnownFileType = sourcecode.cpp.objcpp; name = include_juce_audio_processors.mm; path = ../../JuceLibraryCode/include_juce_audio_processors.mm; sourceTree = SOURCE_ROOT; };
		734B9D9D5ECE159139759C72 /* include_juce_gui_basics.mm */ /* include_juce_gui_basics.mm */ = {isa = PBXFileReference; lastKnownFileType = sourcecode.cpp.objcpp; name = include_juce_gui_basics.mm; path = ../../JuceLibraryCode/include_juce_gui_basics.mm; sourceTree = SOURCE_ROOT; };
		754990A92D1027FC04CC701E /* juce_core */ /* juce_core */ = {isa = PBXFileReference; lastKnownFileType = folder; name = juce_core; path = ../../../../JUCE/modules/juce_core; sourceTree = SOURCE_ROOT; };
		7707E2D25418823F66D2D0DB /* Header.h */ /* Header.h */ = {isa = PBXFileReference; lastKnownFileType = sourcecode.c.h; name = Header.h; path = ../../Source/GUI/Components/Header.h; sourceTree = SOURCE_ROOT; };
		77DEAC68470BE91BF68A8F96 /* Buttons.cpp */ /* Buttons.cpp */ = {isa = PBXFileReference; lastKnownFileType = sourcecode.cpp.cpp; name = Buttons.cpp; path = ../../Source/GUI/LookAndFeel/Buttons.cpp; sourceTree = SOURCE_ROOT; };
		7B045DD30C0115B0E464C7EC /* Knob_04.png */ /* Knob_04.png */ = {isa = PBXFileReference; lastKnownFileType = image.png; name = Knob_04.png; path = ../../Source/Assets/Knob_04.png; sourceTree = SOURCE_ROOT; };
		7EC5341BB965D27D5C5E46DD /* include_juce_audio_processors_ara.cpp */ /* include_juce_audio_processors_ara.cpp */ = {isa = PBXFileReference; lastKnownFileType = sourcecode.cpp.cpp; name = include_juce_audio_processors_ara.cpp; path = ../../JuceLibraryCode/include_juce_audio_processors_ara.cpp; sourceTree = SOURCE_ROOT; };
		809CE66B8F1C8E64C7ABB23D /* Knob_03.png */ /* Knob_03.png */ = {isa = PBXFileReference; lastKnownFileType = image.png; name = Knob_03.png; path = ../../Source/Assets/Knob_03.png; sourceTree = SOURCE_ROOT; };
		879C9F7A6C8964B1DB83E059 /* juce_gui_extra */ /* juce_gui_extra */ = {isa = PBXFileReference; lastKnownFileType = folder; name = juce_gui_extra; path = ../../../../JUCE/modules/juce_gui_extra; sourceTree = SOURCE_ROOT; };
		880BDBFDDCDDB610B98EFCC4 /* Cocoa.framework */ /* Cocoa.framework */ = {isa = PBXFileReference; lastKnownFileType = wrapper.framework; name = Cocoa.framework; path = System/Library/Frameworks/Cocoa.framework; sourceTree = SDKROOT; };
		88F68E2BAC17DC777529D382 /* juce_events */ /* juce_events */ = {isa = PBXFileReference; lastKnownFileType = folder; name = juce_events; path = ../../../../JUCE/modules/juce_events; sourceTree = SOURCE_ROOT; };
		88F7EE59545C227DB3AC7920 /* PanelLAF.h */ /* PanelLAF.h */ = {isa = PBXFileReference; lastKnownFileType = sourcecode.c.h; name = PanelLAF.h; path = ../../Source/GUI/LookAndFeel/PanelLAF.h; sourceTree = SOURCE_ROOT; };
		902C5582DC3D7006E842165F /* BinaryData.cpp */ /* BinaryData.cpp */ = {isa = PBXFileReference; lastKnownFileType = sourcecode.cpp.cpp; name = BinaryData.cpp; path = ../../JuceLibraryCode/BinaryData.cpp; sourceTree = SOURCE_ROOT; };
		920E58C6B5F6C9D00BBAB6F8 /* CoreAudio.framework */ /* CoreAudio.framework */ = {isa = PBXFileReference; lastKnownFileType = wrapper.framework; name = CoreAudio.framework; path = System/Library/Frameworks/CoreAudio.framework; sourceTree = SDKROOT; };
		95AFA00446E7E135AFE0B3C5 /* JuceHeader.h */ /* JuceHeader.h */ = {isa = PBXFileReference; lastKnownFileType = sourcecode.c.h; name = JuceHeader.h; path = ../../JuceLibraryCode/JuceHeader.h; sourceTree = SOURCE_ROOT; };
		98B40C1FAC1AE6CD2809DF84 /* UI-InitWindow.cpp */ /* UI-InitWindow.cpp */ = {isa = PBXFileReference; lastKnownFileType = sourcecode.cpp.cpp; name = "UI-InitWindow.cpp"; path = "../../Source/GUI/UI-Methods/UI-InitWindow.cpp"; sourceTree = SOURCE_ROOT; };
		98E9EE26EB56A2090D7E93F5 /* IOKit.framework */ /* IOKit.framework */ = {isa = PBXFileReference; lastKnownFileType = wrapper.framework; name = IOKit.framework; path = System/Library/Frameworks/IOKit.framework; sourceTree = SDKROOT; };
		99EAE11B62D158501957D053 /* include_juce_audio_plugin_client_utils.cpp */ /* include_juce_audio_plugin_client_utils.cpp */ = {isa = PBXFileReference; lastKnownFileType = sourcecode.cpp.cpp; name = include_juce_audio_plugin_client_utils.cpp; path = ../../JuceLibraryCode/include_juce_audio_plugin_client_utils.cpp; sourceTree = SOURCE_ROOT; };
		9B83B174D9F6860F3E6412C5 /* include_juce_audio_processors_lv2_libs.cpp */ /* include_juce_audio_processors_lv2_libs.cpp */ = {isa = PBXFileReference; lastKnownFileType = sourcecode.cpp.cpp; name = include_juce_audio_processors_lv2_libs.cpp; path = ../../JuceLibraryCode/include_juce_audio_processors_lv2_libs.cpp; sourceTree = SOURCE_ROOT; };
		A41F2F345732C2E4B2C7FB5C /* BinaryData.h */ /* BinaryData.h */ = {isa = PBXFileReference; lastKnownFileType = sourcecode.c.h; name = BinaryData.h; path = ../../JuceLibraryCode/BinaryData.h; sourceTree = SOURCE_ROOT; };
		A565190ED1EF7CC24300AA55 /* juce_audio_formats */ /* juce_audio_formats */ = {isa = PBXFileReference; lastKnownFileType = folder; name = juce_audio_formats; path = ../../../../JUCE/modules/juce_audio_formats; sourceTree = SOURCE_ROOT; };
		A79D013111C53237F62B6805 /* CoreAudioKit.framework */ /* CoreAudioKit.framework */ = {isa = PBXFileReference; lastKnownFileType = wrapper.framework; name = CoreAudioKit.framework; path = System/Library/Frameworks/CoreAudioKit.framework; sourceTree = SDKROOT; };
		AA6351A78C0803B8108AAC99 /* UI-Constructor.cpp */ /* UI-Constructor.cpp */ = {isa = PBXFileReference; lastKnownFileType = sourcecode.cpp.cpp; name = "UI-Constructor.cpp"; path = "../../Source/GUI/UI-Methods/UI-Constructor.cpp"; sourceTree = SOURCE_ROOT; };
		AA8FABF5B78A6214489246B7 /* Info-VST3.plist */ /* Info-VST3.plist */ = {isa = PBXFileReference; lastKnownFileType = text.plist.xml; name = "Info-VST3.plist"; path = "Info-VST3.plist"; sourceTree = SOURCE_ROOT; };
		AC13E224649DF7F51DC253B3 /* landon55-04.png */ /* landon55-04.png */ = {isa = PBXFileReference; lastKnownFileType = image.png; name = "landon55-04.png"; path = "../../Source/Assets/landon55-04.png"; sourceTree = SOURCE_ROOT; };
		ACAAB859FDE128934B03F92F /* include_juce_audio_plugin_client_AU_2.mm */ /* include_juce_audio_plugin_client_AU_2.mm */ = {isa = PBXFileReference; lastKnownFileType = sourcecode.cpp.objcpp; name = include_juce_audio_plugin_client_AU_2.mm; path = ../../JuceLibraryCode/include_juce_audio_plugin_client_AU_2.mm; sourceTree = SOURCE_ROOT; };
		AE8944A3D5F7CED713B05492 /* AU */ = {isa = PBXFileReference; explicitFileType = wrapper.cfbundle; includeInIndex = 0; path = Marauder.component; sourceTree = BUILT_PRODUCTS_DIR; };
		B18B942EB4983292D6EAAB72 /* include_juce_audio_basics.mm */ /* include_juce_audio_basics.mm */ = {isa = PBXFileReference; lastKnownFileType = sourcecode.cpp.objcpp; name = include_juce_audio_basics.mm; path = ../../JuceLibraryCode/include_juce_audio_basics.mm; sourceTree = SOURCE_ROOT; };
		B533EC64EEACECF422CCFAE9 /* UI-SaveWindow.cpp */ /* UI-SaveWindow.cpp */ = {isa = PBXFileReference; lastKnownFileType = sourcecode.cpp.cpp; name = "UI-SaveWindow.cpp"; path = "../../Source/GUI/UI-Methods/UI-SaveWindow.cpp"; sourceTree = SOURCE_ROOT; };
		B7CC532AE129DEA0DCA9D181 /* PluginEditor.cpp */ /* PluginEditor.cpp */ = {isa = PBXFileReference; lastKnownFileType = sourcecode.cpp.cpp; name = PluginEditor.cpp; path = ../../Source/PluginEditor.cpp; sourceTree = SOURCE_ROOT; };
		B8D42D20502B9D854B7E9671 /* Shared Code */ = {isa = PBXFileReference; explicitFileType = archive.ar; includeInIndex = 0; path = libMarauder.a; sourceTree = BUILT_PRODUCTS_DIR; };
		BC58D6BB5BCEAD08CC2792B6 /* RecentFilesMenuTemplate.nib */ /* RecentFilesMenuTemplate.nib */ = {isa = PBXFileReference; lastKnownFileType = file.nib; name = RecentFilesMenuTemplate.nib; path = RecentFilesMenuTemplate.nib; sourceTree = SOURCE_ROOT; };
		BF66A183262F6D1C3B8372E4 /* CoreMIDI.framework */ /* CoreMIDI.framework */ = {isa = PBXFileReference; lastKnownFileType = wrapper.framework; name = CoreMIDI.framework; path = System/Library/Frameworks/CoreMIDI.framework; sourceTree = SDKROOT; };
		BFBA20BB48DEFBBB69B5CC7F /* BinaryData4.cpp */ /* BinaryData4.cpp */ = {isa = PBXFileReference; lastKnownFileType = sourcecode.cpp.cpp; name = BinaryData4.cpp; path = ../../JuceLibraryCode/BinaryData4.cpp; sourceTree = SOURCE_ROOT; };
		C098855C312D4B2A7666499C /* Info-Standalone_Plugin.plist */ /* Info-Standalone_Plugin.plist */ = {isa = PBXFileReference; lastKnownFileType = text.plist.xml; name = "Info-Standalone_Plugin.plist"; path = "Info-Standalone_Plugin.plist"; sourceTree = SOURCE_ROOT; };
		CC2FE5C2A95E958616AC2C89 /* juce_audio_processors */ /* juce_audio_processors */ = {isa = PBXFileReference; lastKnownFileType = folder; name = juce_audio_processors; path = ../../../../JUCE/modules/juce_audio_processors; sourceTree = SOURCE_ROOT; };
		CD0D49F73A7941C9D7CD14D7 /* FullDial.cpp */ /* FullDial.cpp */ = {isa = PBXFileReference; lastKnownFileType = sourcecode.cpp.cpp; name = FullDial.cpp; path = ../../Source/GUI/LookAndFeel/FullDial.cpp; sourceTree = SOURCE_ROOT; };
		CE876527D934B5087C56E199 /* VST3 */ = {isa = PBXFileReference; explicitFileType = wrapper.cfbundle; includeInIndex = 0; path = Marauder.vst3; sourceTree = BUILT_PRODUCTS_DIR; };
		D3166A0E88BA3B2A3E0F4601 /* DiscRecording.framework */ /* DiscRecording.framework */ = {isa = PBXFileReference; lastKnownFileType = wrapper.framework; name = DiscRecording.framework; path = System/Library/Frameworks/DiscRecording.framework; sourceTree = SDKROOT; };
		D6AF6429D03AB2B441D0C0B1 /* BinaryData2.cpp */ /* BinaryData2.cpp */ = {isa = PBXFileReference; lastKnownFileType = sourcecode.cpp.cpp; name = BinaryData2.cpp; path = ../../JuceLibraryCode/BinaryData2.cpp; sourceTree = SOURCE_ROOT; };
		D70124239B80740380A29FE6 /* include_juce_events.mm */ /* include_juce_events.mm */ = {isa = PBXFileReference; lastKnownFileType = sourcecode.cpp.objcpp; name = include_juce_events.mm; path = ../../JuceLibraryCode/include_juce_events.mm; sourceTree = SOURCE_ROOT; };
		D732EA7C44808E03B960F5BC /* juce_graphics */ /* juce_graphics */ = {isa = PBXFileReference; lastKnownFileType = folder; name = juce_graphics; path = ../../../../JUCE/modules/juce_graphics; sourceTree = SOURCE_ROOT; };
		D78A9556E8EB1DC206F78806 /* include_juce_audio_plugin_client_AU.r */ /* include_juce_audio_plugin_client_AU.r */ = {isa = PBXFileReference; lastKnownFileType = file.r; name = include_juce_audio_plugin_client_AU.r; path = ../../JuceLibraryCode/include_juce_audio_plugin_client_AU.r; sourceTree = SOURCE_ROOT; };
		DE25F879705F5692755F95A4 /* juce_data_structures */ /* juce_data_structures */ = {isa = PBXFileReference; lastKnownFileType = folder; name = juce_data_structures; path = ../../../../JUCE/modules/juce_data_structures; sourceTree = SOURCE_ROOT; };
		DFF613CFDEC024D3F9A7BB4E /* Globals.cpp */ /* Globals.cpp */ = {isa = PBXFileReference; lastKnownFileType = sourcecode.cpp.cpp; name = Globals.cpp; path = ../../Source/Parameters/Globals.cpp; sourceTree = SOURCE_ROOT; };
		DFF76B6EB70DE66296DFEDD2 /* include_juce_dsp.mm */ /* include_juce_dsp.mm */ = {isa = PBXFileReference; lastKnownFileType = sourcecode.cpp.objcpp; name = include_juce_dsp.mm; path = ../../JuceLibraryCode/include_juce_dsp.mm; sourceTree = SOURCE_ROOT; };
		E2E876D9A7F7FBEA99A5C189 /* led_on.png */ /* led_on.png */ = {isa = PBXFileReference; lastKnownFileType = image.png; name = led_on.png; path = ../../Source/Assets/led_on.png; sourceTree = SOURCE_ROOT; };
		E3C20D3AF14B00D2EC449DF2 /* include_juce_audio_formats.mm */ /* include_juce_audio_formats.mm */ = {isa = PBXFileReference; lastKnownFileType = sourcecode.cpp.objcpp; name = include_juce_audio_formats.mm; path = ../../JuceLibraryCode/include_juce_audio_formats.mm; sourceTree = SOURCE_ROOT; };
		E41136F89FACB0D6ADBF20DC /* include_juce_audio_plugin_client_VST3.cpp */ /* include_juce_audio_plugin_client_VST3.cpp */ = {isa = PBXFileReference; lastKnownFileType = sourcecode.cpp.cpp; name = include_juce_audio_plugin_client_VST3.cpp; path = ../../JuceLibraryCode/include_juce_audio_plugin_client_VST3.cpp; sourceTree = SOURCE_ROOT; };
		E47B06FE1528205EEE97AB15 /* Knob_01.png */ /* Knob_01.png */ = {isa = PBXFileReference; lastKnownFileType = image.png; name = Knob_01.png; path = ../../Source/Assets/Knob_01.png; sourceTree = SOURCE_ROOT; };
		E5B400B616B9E04682EEA5E6 /* FullDial.h */ /* FullDial.h */ = {isa = PBXFileReference; lastKnownFileType = sourcecode.c.h; name = FullDial.h; path = ../../Source/GUI/LookAndFeel/FullDial.h; sourceTree = SOURCE_ROOT; };
		E61638D62174DE092553A7E3 /* include_juce_gui_extra.mm */ /* include_juce_gui_extra.mm */ = {isa = PBXFileReference; lastKnownFileType = sourcecode.cpp.objcpp; name = include_juce_gui_extra.mm; path = ../../JuceLibraryCode/include_juce_gui_extra.mm; sourceTree = SOURCE_ROOT; };
		ED411B51BFA9C436E43B4FF6 /* juce_gui_basics */ /* juce_gui_basics */ = {isa = PBXFileReference; lastKnownFileType = folder; name = juce_gui_basics; path = ../../../../JUCE/modules/juce_gui_basics; sourceTree = SOURCE_ROOT; };
		EED3F1ED78A5E365A1A8E87C /* MenuLAF.cpp */ /* MenuLAF.cpp */ = {isa = PBXFileReference; lastKnownFileType = sourcecode.cpp.cpp; name = MenuLAF.cpp; path = ../../Source/GUI/LookAndFeel/MenuLAF.cpp; sourceTree = SOURCE_ROOT; };
		F008AECAA4D730D752C6394E /* AudioUnit.framework */ /* AudioUnit.framework */ = {isa = PBXFileReference; lastKnownFileType = wrapper.framework; name = AudioUnit.framework; path = System/Library/Frameworks/AudioUnit.framework; sourceTree = SDKROOT; };
		F4D9DA51821AB1B8654F95A3 /* MenuLAF.h */ /* MenuLAF.h */ = {isa = PBXFileReference; lastKnownFileType = sourcecode.c.h; name = MenuLAF.h; path = ../../Source/GUI/LookAndFeel/MenuLAF.h; sourceTree = SOURCE_ROOT; };
		F55D158E106170FADE4C5E64 /* button_middle_off.png */ /* button_middle_off.png */ = {isa = PBXFileReference; lastKnownFileType = image.png; name = button_middle_off.png; path = ../../Source/Assets/button_middle_off.png; sourceTree = SOURCE_ROOT; };
		F7C7CD2A85DF0B11454D4A39 /* button_middle_on.png */ /* button_middle_on.png */ = {isa = PBXFileReference; lastKnownFileType = image.png; name = button_middle_on.png; path = ../../Source/Assets/button_middle_on.png; sourceTree = SOURCE_ROOT; };
		F838817192D0CDC82F4A9929 /* include_juce_graphics.mm */ /* include_juce_graphics.mm */ = {isa = PBXFileReference; lastKnownFileType = sourcecode.cpp.objcpp; name = include_juce_graphics.mm; path = ../../JuceLibraryCode/include_juce_graphics.mm; sourceTree = SOURCE_ROOT; };
		F908257CA51E8B1E59F747B0 /* MultiBandProcessor.cpp */ /* MultiBandProcessor.cpp */ = {isa = PBXFileReference; lastKnownFileType = sourcecode.cpp.cpp; name = MultiBandProcessor.cpp; path = ../../Source/DSP/MultiBandProcessor.cpp; sourceTree = SOURCE_ROOT; };
		F9D8569D7C67EEB747A5FD61 /* Foundation.framework */ /* Foundation.framework */ = {isa = PBXFileReference; lastKnownFileType = wrapper.framework; name = Foundation.framework; path = System/Library/Frameworks/Foundation.framework; sourceTree = SDKROOT; };
		FB0426541E594E47F0155BCE /* SettingsPage.cpp */ /* SettingsPage.cpp */ = {isa = PBXFileReference; lastKnownFileType = sourcecode.cpp.cpp; name = SettingsPage.cpp; path = ../../Source/GUI/Components/SettingsPage.cpp; sourceTree = SOURCE_ROOT; };
		FB3B5371526A7D500084B71B /* include_juce_audio_utils.mm */ /* include_juce_audio_utils.mm */ = {isa = PBXFileReference; lastKnownFileType = sourcecode.cpp.objcpp; name = include_juce_audio_utils.mm; path = ../../JuceLibraryCode/include_juce_audio_utils.mm; sourceTree = SOURCE_ROOT; };
		FCFF7650AFB9254E1BA9A1BF /* juce_audio_plugin_client */ /* juce_audio_plugin_client */ = {isa = PBXFileReference; lastKnownFileType = folder; name = juce_audio_plugin_client; path = ../../../../JUCE/modules/juce_audio_plugin_client; sourceTree = SOURCE_ROOT; };
/* End PBXFileReference section */

/* Begin PBXFrameworksBuildPhase section */
		0D3EE199C33F7DCC612167B6 = {
			isa = PBXFrameworksBuildPhase;
			buildActionMask = 2147483647;
			files = (
				7B426560B74D78B7BE4BC396,
				387B312691B3BAAFDCE3F3AA,
				8D5955DD93BC1E198B2A0BBE,
				A0FB442E03ACE8019449B25D,
				B2D32C338CA270AE860636F4,
				CA770AD1DB049743BB08E4C8,
				13914A87DED99E00AF4D8421,
				5413AA098AE84583191FDE82,
				878F1B24CBF9DA13C6C87119,
				947957F831669EC78958E9B9,
				6369E57B6AE84259CCA7A4F7,
			);
			runOnlyForDeploymentPostprocessing = 0;
		};
		53C70CC34F304797DB27630B = {
			isa = PBXFrameworksBuildPhase;
			buildActionMask = 2147483647;
			files = (
				3434845C2291FF65FEF17B18,
				7B426560B74D78B7BE4BC396,
				387B312691B3BAAFDCE3F3AA,
				8D5955DD93BC1E198B2A0BBE,
				A0FB442E03ACE8019449B25D,
				B2D32C338CA270AE860636F4,
				CA770AD1DB049743BB08E4C8,
				13914A87DED99E00AF4D8421,
				5413AA098AE84583191FDE82,
				878F1B24CBF9DA13C6C87119,
				947957F831669EC78958E9B9,
				6369E57B6AE84259CCA7A4F7,
			);
			runOnlyForDeploymentPostprocessing = 0;
		};
		8D689B9FBB92C1DCC7E1D275 = {
			isa = PBXFrameworksBuildPhase;
			buildActionMask = 2147483647;
			files = (
				7B426560B74D78B7BE4BC396,
				387B312691B3BAAFDCE3F3AA,
				8D5955DD93BC1E198B2A0BBE,
				A0FB442E03ACE8019449B25D,
				B2D32C338CA270AE860636F4,
				CA770AD1DB049743BB08E4C8,
				13914A87DED99E00AF4D8421,
				5413AA098AE84583191FDE82,
				878F1B24CBF9DA13C6C87119,
				947957F831669EC78958E9B9,
				6369E57B6AE84259CCA7A4F7,
			);
			runOnlyForDeploymentPostprocessing = 0;
		};
/* End PBXFrameworksBuildPhase section */

/* Begin PBXGroup section */
		04A64D5313E0505E57EBEE46 /* Source */ = {
			isa = PBXGroup;
			children = (
				7918D6CDF88DA4B9580E2695,
				AC5EB748B833310CF4EAE4E6,
				A42B82BD36CE27E73D45A41D,
				B457333B35E75B0701585257,
				E7FD1A47BFBB3D597CE58E09,
				3DD7B1B9D02ADCB9F8CE554D,
			);
			name = Source;
			sourceTree = "<group>";
		};
		3DD7B1B9D02ADCB9F8CE554D /* Products */ = {
			isa = PBXGroup;
			children = (
				CE876527D934B5087C56E199,
				AE8944A3D5F7CED713B05492,
				0B1C0178BF30BC2C98D875DF,
				B8D42D20502B9D854B7E9671,
			);
			name = Products;
			sourceTree = "<group>";
		};
		4AF3691ACDB4A44F1977C562 /* DSP */ = {
			isa = PBXGroup;
			children = (
				F908257CA51E8B1E59F747B0,
				16DCA7040752A1649F3DE7A2,
			);
			name = DSP;
			sourceTree = "<group>";
		};
		4B2A2AD518086A3B674A0AAD /* Components */ = {
			isa = PBXGroup;
			children = (
				57B555EDAC84E1BFEE79BD3E,
				7707E2D25418823F66D2D0DB,
				6AE0EBFDD9D6BE242E5059BC,
				5D02ACBB4FC6765C2ED6870A,
				FB0426541E594E47F0155BCE,
				529650F0EA00C7E1F7F8EF0B,
			);
			name = Components;
			sourceTree = "<group>";
		};
		7918D6CDF88DA4B9580E2695 /* Marauder */ = {
			isa = PBXGroup;
			children = (
				7EF639B6B944EF5C527CBDCC,
			);
			name = Marauder;
			sourceTree = "<group>";
		};
		7D771113B8EAFEDAA9FD3F7D /* GUI */ = {
			isa = PBXGroup;
			children = (
				4B2A2AD518086A3B674A0AAD,
				E94D2057EE38D24FE76AC6CB,
				E30142B7104AE7E7FA573DF7,
			);
			name = GUI;
			sourceTree = "<group>";
		};
		7EF639B6B944EF5C527CBDCC /* Source */ = {
			isa = PBXGroup;
			children = (
				4AF3691ACDB4A44F1977C562,
				7D771113B8EAFEDAA9FD3F7D,
				BE739FC5EB7DC00C97B6A1F6,
				7FBCCB2510C1EB18BA037538,
				6150467D7D3FD3AF59BCDA70,
				155AAB9B51009CBCA0326F7B,
				B7CC532AE129DEA0DCA9D181,
				537579DE9E1C3183A0EF1E78,
			);
			name = Source;
			sourceTree = "<group>";
		};
		7FBCCB2510C1EB18BA037538 /* Assets */ = {
			isa = PBXGroup;
			children = (
				F55D158E106170FADE4C5E64,
				F7C7CD2A85DF0B11454D4A39,
				E47B06FE1528205EEE97AB15,
				809CE66B8F1C8E64C7ABB23D,
				7B045DD30C0115B0E464C7EC,
				AC13E224649DF7F51DC253B3,
				28540CD1B209C0ED97AE5061,
				E2E876D9A7F7FBEA99A5C189,
			);
			name = Assets;
			sourceTree = "<group>";
		};
		A42B82BD36CE27E73D45A41D /* JUCE Library Code */ = {
			isa = PBXGroup;
			children = (
				902C5582DC3D7006E842165F,
				A41F2F345732C2E4B2C7FB5C,
				D6AF6429D03AB2B441D0C0B1,
				6C36C1C52F7E8BC663CFAC2F,
				BFBA20BB48DEFBBB69B5CC7F,
				B18B942EB4983292D6EAAB72,
				0619709D0FF7DC7BEF9C1AF3,
				E3C20D3AF14B00D2EC449DF2,
				4A72AB6F28BE6D7118D17C70,
				D78A9556E8EB1DC206F78806,
				3381FA3A7401AA61D51118D0,
				ACAAB859FDE128934B03F92F,
				47F9ECE024D081C033E067D0,
				99EAE11B62D158501957D053,
				466F1177AFD5450E7912C526,
				E41136F89FACB0D6ADBF20DC,
				7187EFFFEDE2AA642B14FD60,
				7EC5341BB965D27D5C5E46DD,
				9B83B174D9F6860F3E6412C5,
				FB3B5371526A7D500084B71B,
				37D950A8CCF30D84D8D7AB9B,
				05DCC87952D86901F63DF00E,
				DFF76B6EB70DE66296DFEDD2,
				D70124239B80740380A29FE6,
				F838817192D0CDC82F4A9929,
				734B9D9D5ECE159139759C72,
				E61638D62174DE092553A7E3,
				1FF8592EAB9B64479151BB09,
				95AFA00446E7E135AFE0B3C5,
				22CA419272F055DD7C8364BA,
			);
			name = "JUCE Library Code";
			sourceTree = "<group>";
		};
		AC5EB748B833310CF4EAE4E6 /* JUCE Modules */ = {
			isa = PBXGroup;
			children = (
				29C53F6F4E5CA538E6F283B3,
				53D3C374A721CBDC3F1BB583,
				A565190ED1EF7CC24300AA55,
				FCFF7650AFB9254E1BA9A1BF,
				CC2FE5C2A95E958616AC2C89,
				58504C8E63168A6A080843C8,
				754990A92D1027FC04CC701E,
				DE25F879705F5692755F95A4,
				15AD7FD01462D5514109A30B,
				88F68E2BAC17DC777529D382,
				D732EA7C44808E03B960F5BC,
				ED411B51BFA9C436E43B4FF6,
				879C9F7A6C8964B1DB83E059,
				51514B80C7F8BAEF0387354D,
			);
			name = "JUCE Modules";
			sourceTree = "<group>";
		};
		B457333B35E75B0701585257 /* Resources */ = {
			isa = PBXGroup;
			children = (
				AA8FABF5B78A6214489246B7,
				23910407A4AF803CE06886A9,
				C098855C312D4B2A7666499C,
				BC58D6BB5BCEAD08CC2792B6,
			);
			name = Resources;
			sourceTree = "<group>";
		};
		BE739FC5EB7DC00C97B6A1F6 /* Parameters */ = {
			isa = PBXGroup;
			children = (
				DFF613CFDEC024D3F9A7BB4E,
				6B495148858B8F32A36919AB,
			);
			name = Parameters;
			sourceTree = "<group>";
		};
		E30142B7104AE7E7FA573DF7 /* UI-Methods */ = {
			isa = PBXGroup;
			children = (
				1D563C5E0952F7EB5D439FA8,
				AA6351A78C0803B8108AAC99,
				98B40C1FAC1AE6CD2809DF84,
				59EA4DE083A24BF3BD5B997B,
				6298D17F9BA9FEF2FE03010B,
				B533EC64EEACECF422CCFAE9,
			);
			name = "UI-Methods";
			sourceTree = "<group>";
		};
		E7FD1A47BFBB3D597CE58E09 /* Frameworks */ = {
			isa = PBXGroup;
			children = (
				F008AECAA4D730D752C6394E,
				56B141A080DE067605C036F0,
				364552E319C79C7A60246075,
				880BDBFDDCDDB610B98EFCC4,
				920E58C6B5F6C9D00BBAB6F8,
				A79D013111C53237F62B6805,
				BF66A183262F6D1C3B8372E4,
				D3166A0E88BA3B2A3E0F4601,
				F9D8569D7C67EEB747A5FD61,
				98E9EE26EB56A2090D7E93F5,
				462B35918F05AE76172EF271,
				126BFB72EA716560F0ECEF9C,
			);
			name = Frameworks;
			sourceTree = "<group>";
		};
		E94D2057EE38D24FE76AC6CB /* LookAndFeel */ = {
			isa = PBXGroup;
			children = (
				77DEAC68470BE91BF68A8F96,
				186E0E59AC04CE2C7393D772,
				CD0D49F73A7941C9D7CD14D7,
				E5B400B616B9E04682EEA5E6,
				EED3F1ED78A5E365A1A8E87C,
				F4D9DA51821AB1B8654F95A3,
				654DAA82F3AE97362EFE9A29,
				88F7EE59545C227DB3AC7920,
			);
			name = LookAndFeel;
			sourceTree = "<group>";
		};
/* End PBXGroup section */

/* Begin PBXNativeTarget section */
		4750005D2095BA5C875B6EA9 /* Marauder - AU */ = {
			isa = PBXNativeTarget;
			buildConfigurationList = AC1BCA6C5F1DD49426EBB3BA;
			buildPhases = (
				192F910BE63172062CB8AF88,
				DE133CE45AB49C997910DC63,
				C2FA4B8E862E1644EE4039A5,
				53C70CC34F304797DB27630B,
			);
			buildRules = (
			);
			dependencies = (
				44804CDBA502567A5F8AB2C7,
			);
			name = "Marauder - AU";
			productName = Marauder;
			productReference = AE8944A3D5F7CED713B05492;
			productType = "com.apple.product-type.bundle";
		};
		82DE7755A32239CC3CB5112E /* Marauder - Shared Code */ = {
			isa = PBXNativeTarget;
			buildConfigurationList = DB63C4FB204309A771C9A9D1;
			buildPhases = (
				4B552E38AE76384A9992D27D,
			);
			buildRules = (
			);
			dependencies = (
			);
			name = "Marauder - Shared Code";
			productName = Marauder;
			productReference = B8D42D20502B9D854B7E9671;
			productType = "com.apple.product-type.library.static";
		};
		9A63E5DC1B325E9C6D1E5B72 /* Marauder - VST3 */ = {
			isa = PBXNativeTarget;
			buildConfigurationList = D1DC2E9A01905A75BB76803C;
			buildPhases = (
				6EE50217CDA9C2FD0551E31B,
				4DF8ABBC1DEE364F2492EE34,
				0D3EE199C33F7DCC612167B6,
			);
			buildRules = (
			);
			dependencies = (
				F9FAE8865EC4D0D2DEFFD00A,
			);
			name = "Marauder - VST3";
			productName = Marauder;
			productReference = CE876527D934B5087C56E199;
			productType = "com.apple.product-type.bundle";
		};
		9CCDD4FA21BE637524BEBFAB /* Marauder - Standalone Plugin */ = {
			isa = PBXNativeTarget;
			buildConfigurationList = 7DD77E2FBF1C36E717C21F3E;
			buildPhases = (
				11E8A07565994887286CCB15,
				19487A76A6A746C18322007B,
				8D689B9FBB92C1DCC7E1D275,
			);
			buildRules = (
			);
			dependencies = (
				F6B8C3F6A291207701E2D081,
			);
			name = "Marauder - Standalone Plugin";
			productName = Marauder;
			productReference = 0B1C0178BF30BC2C98D875DF;
			productType = "com.apple.product-type.application";
		};
/* End PBXNativeTarget section */

/* Begin PBXProject section */
		C46897A0FF949D6848672776 = {
			isa = PBXProject;
			attributes = {
				LastUpgradeCheck = 1340;
				ORGANIZATIONNAME = "Viator DSP";
				TargetAttributes = {
					4406920927BF65BF3AF03894 = {
						SystemCapabilities = {
							com.apple.ApplicationGroups.iOS = {
								enabled = 0;
							};
							com.apple.HardenedRuntime = {
								enabled = 0;
							};
							com.apple.InAppPurchase = {
								enabled = 0;
							};
							com.apple.InterAppAudio = {
								enabled = 0;
							};
							com.apple.Push = {
								enabled = 0;
							};
							com.apple.Sandbox = {
								enabled = 0;
							};
						};
					};
					4750005D2095BA5C875B6EA9 = {
						SystemCapabilities = {
							com.apple.ApplicationGroups.iOS = {
								enabled = 0;
							};
							com.apple.HardenedRuntime = {
								enabled = 0;
							};
							com.apple.InAppPurchase = {
								enabled = 0;
							};
							com.apple.InterAppAudio = {
								enabled = 0;
							};
							com.apple.Push = {
								enabled = 0;
							};
							com.apple.Sandbox = {
								enabled = 0;
							};
						};
					};
					82DE7755A32239CC3CB5112E = {
						SystemCapabilities = {
							com.apple.ApplicationGroups.iOS = {
								enabled = 0;
							};
							com.apple.HardenedRuntime = {
								enabled = 0;
							};
							com.apple.InAppPurchase = {
								enabled = 0;
							};
							com.apple.InterAppAudio = {
								enabled = 0;
							};
							com.apple.Push = {
								enabled = 0;
							};
							com.apple.Sandbox = {
								enabled = 0;
							};
						};
					};
					9A63E5DC1B325E9C6D1E5B72 = {
						SystemCapabilities = {
							com.apple.ApplicationGroups.iOS = {
								enabled = 0;
							};
							com.apple.HardenedRuntime = {
								enabled = 0;
							};
							com.apple.InAppPurchase = {
								enabled = 0;
							};
							com.apple.InterAppAudio = {
								enabled = 0;
							};
							com.apple.Push = {
								enabled = 0;
							};
							com.apple.Sandbox = {
								enabled = 0;
							};
						};
					};
					9CCDD4FA21BE637524BEBFAB = {
						SystemCapabilities = {
							com.apple.ApplicationGroups.iOS = {
								enabled = 0;
							};
							com.apple.HardenedRuntime = {
								enabled = 0;
							};
							com.apple.InAppPurchase = {
								enabled = 0;
							};
							com.apple.InterAppAudio = {
								enabled = 0;
							};
							com.apple.Push = {
								enabled = 0;
							};
							com.apple.Sandbox = {
								enabled = 0;
							};
						};
					};
				};
			};
			buildConfigurationList = 4937C95BACA3AA48AF976B8A;
			compatibilityVersion = "Xcode 3.2";
			hasScannedForEncodings = 0;
			knownRegions = (
				en,
				Base,
			);
			mainGroup = 04A64D5313E0505E57EBEE46;
			projectDirPath = "";
			projectRoot = "";
			targets = (
				4406920927BF65BF3AF03894,
				9A63E5DC1B325E9C6D1E5B72,
				4750005D2095BA5C875B6EA9,
				9CCDD4FA21BE637524BEBFAB,
				82DE7755A32239CC3CB5112E,
			);
		};
/* End PBXProject section */

/* Begin PBXResourcesBuildPhase section */
		11E8A07565994887286CCB15 = {
			isa = PBXResourcesBuildPhase;
			buildActionMask = 2147483647;
			files = (
				FFBB85BC2B94D5AB1D4315CA,
			);
			runOnlyForDeploymentPostprocessing = 0;
		};
		192F910BE63172062CB8AF88 = {
			isa = PBXResourcesBuildPhase;
			buildActionMask = 2147483647;
			files = (
				FFBB85BC2B94D5AB1D4315CA,
			);
			runOnlyForDeploymentPostprocessing = 0;
		};
		6EE50217CDA9C2FD0551E31B = {
			isa = PBXResourcesBuildPhase;
			buildActionMask = 2147483647;
			files = (
				FFBB85BC2B94D5AB1D4315CA,
			);
			runOnlyForDeploymentPostprocessing = 0;
		};
/* End PBXResourcesBuildPhase section */

/* Begin PBXRezBuildPhase section */
		DE133CE45AB49C997910DC63 = {
			isa = PBXRezBuildPhase;
			buildActionMask = 2147483647;
			files = (
				8CA062D190BDA0680A6B00A2,
			);
			runOnlyForDeploymentPostprocessing = 0;
		};
/* End PBXRezBuildPhase section */

/* Begin PBXSourcesBuildPhase section */
		19487A76A6A746C18322007B = {
			isa = PBXSourcesBuildPhase;
			buildActionMask = 2147483647;
			files = (
				1C014521821910A347F32C25,
			);
			runOnlyForDeploymentPostprocessing = 0;
		};
		4B552E38AE76384A9992D27D = {
			isa = PBXSourcesBuildPhase;
			buildActionMask = 2147483647;
			files = (
				0D3A9313CDEE4BC197A9E9AE,
				4B30F20D79F0914E300803E7,
				D313CFCCAD2CBD87C4B078B1,
				BCFC1A2C83FD2DA74D8A69CE,
				E83E4718016299613115895E,
				C39980552E1250EDB46E9381,
				8BF9D0385F97560481645D31,
				ABAECB9B800B5BE5F2F40138,
				E12F11FBAD0FF5A2860BC650,
				AE04DA1930101E8CC1DEF5DC,
				94280EFD9BA26AE4EC2B3F8B,
				1FBF33A856812284110A9F0F,
				F078DDD4C2213DC67406D54F,
				F18BF9EDF089154890AE8290,
				8EB344843D65C504BAE0CF95,
				F4D60BBA1A9891ACA378713A,
				9047383CF5AE7D117201538E,
				F0D02FDE1F7D19A007F54EEA,
				5A823D93EBDF8647451F32B9,
				5F9350C2E160A5BBAD9DEC42,
				A5CE7E254315A5303FD9D7B3,
				D6965D684FFDFA53616439AC,
				F5CC9DAB802A379F554B7EB7,
				A893F41E49D087BED52624AD,
				435AA5FB342A33E8D50C3CB8,
				38E8B84D818DC03DF3DDECF3,
				3BBC9CA1FC8BB6FED8BB1AF3,
				D500E775655FF2766B2AD496,
				545FC1F26B5F173405EC5201,
				A89D141F6412DDD21EB8FD6D,
				0068DD9A0D719D9CF7350D82,
				1123631AD5E83E3EC1A4EF09,
				C724F10496CC86454E5AE698,
				3D7003A0D20C4A894C8B4B33,
				FFDB08989B23701C13C97766,
				AA94BCA13A9756562BF654B4,
				0158C7E2311DB0BF67682C39,
				AFC9C8F6126572635CCFD267,
				E8B9FD5BD35BA59315A9F1BC,
			);
			runOnlyForDeploymentPostprocessing = 0;
		};
		4DF8ABBC1DEE364F2492EE34 = {
			isa = PBXSourcesBuildPhase;
			buildActionMask = 2147483647;
			files = (
				5C94D380BF55B7C7E4357417,
			);
			runOnlyForDeploymentPostprocessing = 0;
		};
		C2FA4B8E862E1644EE4039A5 = {
			isa = PBXSourcesBuildPhase;
			buildActionMask = 2147483647;
			files = (
				ED7E0A9B337272D820FEBDC0,
				FB9F8D89134E49B5A5AF571B,
			);
			runOnlyForDeploymentPostprocessing = 0;
		};
/* End PBXSourcesBuildPhase section */

/* Begin PBXTargetDependency section */
		44804CDBA502567A5F8AB2C7 = {
			isa = PBXTargetDependency;
			target = 82DE7755A32239CC3CB5112E;
		};
		622C74C9D0BCB1AE4415593B = {
			isa = PBXTargetDependency;
			target = 9CCDD4FA21BE637524BEBFAB;
		};
		86D39F598949ACB844CA6317 = {
			isa = PBXTargetDependency;
			target = 82DE7755A32239CC3CB5112E;
		};
		9219F5896B9676A100062407 = {
			isa = PBXTargetDependency;
			target = 9A63E5DC1B325E9C6D1E5B72;
		};
		E80DB93920F1A80AD14C021C = {
			isa = PBXTargetDependency;
			target = 4750005D2095BA5C875B6EA9;
		};
		F6B8C3F6A291207701E2D081 = {
			isa = PBXTargetDependency;
			target = 82DE7755A32239CC3CB5112E;
		};
		F9FAE8865EC4D0D2DEFFD00A = {
			isa = PBXTargetDependency;
			target = 82DE7755A32239CC3CB5112E;
		};
/* End PBXTargetDependency section */

/* Begin XCBuildConfiguration section */
		0666C32DD59CBA4D73CE2BC6 /* Debug */ = {
			isa = XCBuildConfiguration;
			buildSettings = {
				CLANG_CXX_LANGUAGE_STANDARD = "c++14";
				CLANG_CXX_LIBRARY = "libc++";
				CLANG_LINK_OBJC_RUNTIME = NO;
				CODE_SIGN_IDENTITY = "";
				COMBINE_HIDPI_IMAGES = YES;
				CONFIGURATION_BUILD_DIR = "$(PROJECT_DIR)/build/$(CONFIGURATION)";
				COPY_PHASE_STRIP = NO;
				DEPLOYMENT_LOCATION = YES;
				DSTROOT = /;
				EXCLUDED_ARCHS = "";
				GCC_DYNAMIC_NO_PIC = NO;
				GCC_OPTIMIZATION_LEVEL = 0;
				GCC_PREPROCESSOR_DEFINITIONS = (
					"_DEBUG=1",
					"DEBUG=1",
					"JUCE_DISPLAY_SPLASH_SCREEN=0",
					"JUCE_USE_DARK_SPLASH_SCREEN=1",
					"JUCE_PROJUCER_VERSION=0x70001",
					"JUCE_MODULE_AVAILABLE_juce_audio_basics=1",
					"JUCE_MODULE_AVAILABLE_juce_audio_devices=1",
					"JUCE_MODULE_AVAILABLE_juce_audio_formats=1",
					"JUCE_MODULE_AVAILABLE_juce_audio_plugin_client=1",
					"JUCE_MODULE_AVAILABLE_juce_audio_processors=1",
					"JUCE_MODULE_AVAILABLE_juce_audio_utils=1",
					"JUCE_MODULE_AVAILABLE_juce_core=1",
					"JUCE_MODULE_AVAILABLE_juce_data_structures=1",
					"JUCE_MODULE_AVAILABLE_juce_dsp=1",
					"JUCE_MODULE_AVAILABLE_juce_events=1",
					"JUCE_MODULE_AVAILABLE_juce_graphics=1",
					"JUCE_MODULE_AVAILABLE_juce_gui_basics=1",
					"JUCE_MODULE_AVAILABLE_juce_gui_extra=1",
					"JUCE_MODULE_AVAILABLE_viator_modules=1",
					"JUCE_GLOBAL_MODULE_SETTINGS_INCLUDED=1",
					"JUCE_VST3_CAN_REPLACE_VST2=0",
					"JUCE_STRICT_REFCOUNTEDPOINTER=1",
					"JucePlugin_Build_VST=0",
					"JucePlugin_Build_VST3=0",
					"JucePlugin_Build_AU=1",
					"JucePlugin_Build_AUv3=0",
					"JucePlugin_Build_AAX=0",
					"JucePlugin_Build_Standalone=0",
					"JucePlugin_Build_Unity=0",
					"JucePlugin_Build_LV2=0",
					"JucePlugin_Enable_IAA=0",
					"JucePlugin_Enable_ARA=0",
					"JucePlugin_Name=\\\"Marauder_2.0\\\"",
					"JucePlugin_Desc=\\\"Marauder\\\"",
					"JucePlugin_Manufacturer=\\\"Viator\\ DSP\\\"",
					"JucePlugin_ManufacturerWebsite=\\\"www.ViatorDSP.com\\\"",
					"JucePlugin_ManufacturerEmail=\\\"\\\"",
					"JucePlugin_ManufacturerCode=0x4d616e75",
					"JucePlugin_PluginCode=0x4f633367",
					"JucePlugin_IsSynth=0",
					"JucePlugin_WantsMidiInput=0",
					"JucePlugin_ProducesMidiOutput=0",
					"JucePlugin_IsMidiEffect=0",
					"JucePlugin_EditorRequiresKeyboardFocus=0",
					"JucePlugin_Version=1.0.0",
					"JucePlugin_VersionCode=0x10000",
					"JucePlugin_VersionString=\\\"1.0.0\\\"",
					"JucePlugin_VSTUniqueID=JucePlugin_PluginCode",
					"JucePlugin_VSTCategory=kPlugCategEffect",
					"JucePlugin_Vst3Category=\\\"Fx\\\"",
					"JucePlugin_AUMainType=\\'aufx\\'",
					"JucePlugin_AUSubType=JucePlugin_PluginCode",
					"JucePlugin_AUExportPrefix=MarauderAU",
					"JucePlugin_AUExportPrefixQuoted=\\\"MarauderAU\\\"",
					"JucePlugin_AUManufacturerCode=JucePlugin_ManufacturerCode",
					"JucePlugin_CFBundleIdentifier=com.ViatorDSP.Marauder2.0",
					"JucePlugin_AAXIdentifier=com.ViatorDSP.Marauder",
					"JucePlugin_AAXManufacturerCode=JucePlugin_ManufacturerCode",
					"JucePlugin_AAXProductId=JucePlugin_PluginCode",
					"JucePlugin_AAXCategory=0",
					"JucePlugin_AAXDisableBypass=0",
					"JucePlugin_AAXDisableMultiMono=0",
					"JucePlugin_IAAType=0x61757278",
					"JucePlugin_IAASubType=JucePlugin_PluginCode",
					"JucePlugin_IAAName=\\\"Viator\\ DSP:\\ Marauder_2.0\\\"",
					"JucePlugin_VSTNumMidiInputs=16",
					"JucePlugin_VSTNumMidiOutputs=16",
					"JucePlugin_ARAContentTypes=0",
					"JucePlugin_ARATransformationFlags=0",
					"JucePlugin_ARAFactoryID=\\\"com.ViatorDSP.Marauder.factory\\\"",
					"JucePlugin_ARADocumentArchiveID=\\\"com.ViatorDSP.Marauder.aradocumentarchive.1.0.0\\\"",
					"JucePlugin_ARACompatibleArchiveIDs=\\\"\\\"",
					"JUCE_STANDALONE_APPLICATION=JucePlugin_Build_Standalone",
					"JUCER_XCODE_MAC_F6D2F4CF=1",
					"JUCE_APP_VERSION=1.0.0",
					"JUCE_APP_VERSION_HEX=0x10000",
				);
				GCC_VERSION = com.apple.compilers.llvm.clang.1_0;
				GENERATE_PKGINFO_FILE = YES;
				HEADER_SEARCH_PATHS = (
					"$(SRCROOT)/../../../../JUCE/modules/juce_audio_processors/format_types/VST3_SDK",
					"$(SRCROOT)/../../JuceLibraryCode",
					"$(SRCROOT)/../../../../JUCE/modules",
					"$(SRCROOT)/../../JuceLibraryCode/modules",
					"$(SRCROOT)/../../../../JUCE/modules/juce_audio_plugin_client",
					"$(inherited)",
				);
				INFOPLIST_FILE = Info-AU.plist;
				INFOPLIST_PREPROCESS = NO;
				INSTALL_PATH = "$(HOME)/Library/Audio/Plug-Ins/Components/";
				LIBRARY_STYLE = Bundle;
				MACOSX_DEPLOYMENT_TARGET = 10.11;
				MTL_HEADER_SEARCH_PATHS = "$(SRCROOT)/../../../../JUCE/modules/juce_audio_processors/format_types/VST3_SDK $(SRCROOT)/../../JuceLibraryCode $(SRCROOT)/../../../../JUCE/modules $(SRCROOT)/../../JuceLibraryCode/modules $(SRCROOT)/../../../../JUCE/modules/juce_audio_plugin_client";
				OTHER_LDFLAGS = "-bundle -lMarauder -weak_framework Metal -weak_framework MetalKit";
				OTHER_REZFLAGS = "-d ppc_$ppc -d i386_$i386 -d ppc64_$ppc64 -d x86_64_$x86_64 -d arm64_$arm64 -I /System/Library/Frameworks/CoreServices.framework/Frameworks/CarbonCore.framework/Versions/A/Headers -I \"$(DEVELOPER_DIR)/Extras/CoreAudio/AudioUnits/AUPublic/AUBase\" -I \"$(DEVELOPER_DIR)/Platforms/MacOSX.platform/Developer/SDKs/MacOSX.sdk/System/Library/Frameworks/AudioUnit.framework/Headers\"";
				PRODUCT_BUNDLE_IDENTIFIER = com.ViatorDSP.Marauder2.0;
				PRODUCT_NAME = "Marauder";
				USE_HEADERMAP = NO;
				VALID_ARCHS = "i386 x86_64 arm64 arm64e";
				WRAPPER_EXTENSION = component;
			};
			name = Debug;
		};
		096F89DA5EDC219AA66616B6 /* Release */ = {
			isa = XCBuildConfiguration;
			buildSettings = {
				CLANG_CXX_LANGUAGE_STANDARD = "c++14";
				CLANG_CXX_LIBRARY = "libc++";
				CLANG_LINK_OBJC_RUNTIME = NO;
				CODE_SIGN_IDENTITY = "";
				COMBINE_HIDPI_IMAGES = YES;
				CONFIGURATION_BUILD_DIR = "$(PROJECT_DIR)/build/$(CONFIGURATION)";
				DEAD_CODE_STRIPPING = YES;
				EXCLUDED_ARCHS = "";
				GCC_GENERATE_DEBUGGING_SYMBOLS = NO;
				GCC_OPTIMIZATION_LEVEL = 3;
				GCC_PREPROCESSOR_DEFINITIONS = (
					"_NDEBUG=1",
					"NDEBUG=1",
					"JUCE_DISPLAY_SPLASH_SCREEN=0",
					"JUCE_USE_DARK_SPLASH_SCREEN=1",
					"JUCE_PROJUCER_VERSION=0x70001",
					"JUCE_MODULE_AVAILABLE_juce_audio_basics=1",
					"JUCE_MODULE_AVAILABLE_juce_audio_devices=1",
					"JUCE_MODULE_AVAILABLE_juce_audio_formats=1",
					"JUCE_MODULE_AVAILABLE_juce_audio_plugin_client=1",
					"JUCE_MODULE_AVAILABLE_juce_audio_processors=1",
					"JUCE_MODULE_AVAILABLE_juce_audio_utils=1",
					"JUCE_MODULE_AVAILABLE_juce_core=1",
					"JUCE_MODULE_AVAILABLE_juce_data_structures=1",
					"JUCE_MODULE_AVAILABLE_juce_dsp=1",
					"JUCE_MODULE_AVAILABLE_juce_events=1",
					"JUCE_MODULE_AVAILABLE_juce_graphics=1",
					"JUCE_MODULE_AVAILABLE_juce_gui_basics=1",
					"JUCE_MODULE_AVAILABLE_juce_gui_extra=1",
					"JUCE_MODULE_AVAILABLE_viator_modules=1",
					"JUCE_GLOBAL_MODULE_SETTINGS_INCLUDED=1",
					"JUCE_VST3_CAN_REPLACE_VST2=0",
					"JUCE_STRICT_REFCOUNTEDPOINTER=1",
					"JucePlugin_Build_VST=0",
					"JucePlugin_Build_VST3=1",
					"JucePlugin_Build_AU=1",
					"JucePlugin_Build_AUv3=0",
					"JucePlugin_Build_AAX=0",
					"JucePlugin_Build_Standalone=1",
					"JucePlugin_Build_Unity=0",
					"JucePlugin_Build_LV2=0",
					"JucePlugin_Enable_IAA=0",
					"JucePlugin_Enable_ARA=0",
					"JucePlugin_Name=\\\"Marauder_2.0\\\"",
					"JucePlugin_Desc=\\\"Marauder\\\"",
					"JucePlugin_Manufacturer=\\\"Viator\\ DSP\\\"",
					"JucePlugin_ManufacturerWebsite=\\\"www.ViatorDSP.com\\\"",
					"JucePlugin_ManufacturerEmail=\\\"\\\"",
					"JucePlugin_ManufacturerCode=0x4d616e75",
					"JucePlugin_PluginCode=0x4f633367",
					"JucePlugin_IsSynth=0",
					"JucePlugin_WantsMidiInput=0",
					"JucePlugin_ProducesMidiOutput=0",
					"JucePlugin_IsMidiEffect=0",
					"JucePlugin_EditorRequiresKeyboardFocus=0",
					"JucePlugin_Version=1.0.0",
					"JucePlugin_VersionCode=0x10000",
					"JucePlugin_VersionString=\\\"1.0.0\\\"",
					"JucePlugin_VSTUniqueID=JucePlugin_PluginCode",
					"JucePlugin_VSTCategory=kPlugCategEffect",
					"JucePlugin_Vst3Category=\\\"Fx\\\"",
					"JucePlugin_AUMainType=\\'aufx\\'",
					"JucePlugin_AUSubType=JucePlugin_PluginCode",
					"JucePlugin_AUExportPrefix=MarauderAU",
					"JucePlugin_AUExportPrefixQuoted=\\\"MarauderAU\\\"",
					"JucePlugin_AUManufacturerCode=JucePlugin_ManufacturerCode",
					"JucePlugin_CFBundleIdentifier=com.ViatorDSP.Marauder2.0",
					"JucePlugin_AAXIdentifier=com.ViatorDSP.Marauder",
					"JucePlugin_AAXManufacturerCode=JucePlugin_ManufacturerCode",
					"JucePlugin_AAXProductId=JucePlugin_PluginCode",
					"JucePlugin_AAXCategory=0",
					"JucePlugin_AAXDisableBypass=0",
					"JucePlugin_AAXDisableMultiMono=0",
					"JucePlugin_IAAType=0x61757278",
					"JucePlugin_IAASubType=JucePlugin_PluginCode",
					"JucePlugin_IAAName=\\\"Viator\\ DSP:\\ Marauder_2.0\\\"",
					"JucePlugin_VSTNumMidiInputs=16",
					"JucePlugin_VSTNumMidiOutputs=16",
					"JucePlugin_ARAContentTypes=0",
					"JucePlugin_ARATransformationFlags=0",
					"JucePlugin_ARAFactoryID=\\\"com.ViatorDSP.Marauder.factory\\\"",
					"JucePlugin_ARADocumentArchiveID=\\\"com.ViatorDSP.Marauder.aradocumentarchive.1.0.0\\\"",
					"JucePlugin_ARACompatibleArchiveIDs=\\\"\\\"",
					"JUCE_STANDALONE_APPLICATION=JucePlugin_Build_Standalone",
					"JUCER_XCODE_MAC_F6D2F4CF=1",
					"JUCE_APP_VERSION=1.0.0",
					"JUCE_APP_VERSION_HEX=0x10000",
					"JUCE_SHARED_CODE=1",
				);
				GCC_VERSION = com.apple.compilers.llvm.clang.1_0;
				HEADER_SEARCH_PATHS = (
					"$(SRCROOT)/../../../../JUCE/modules/juce_audio_processors/format_types/VST3_SDK",
					"$(SRCROOT)/../../JuceLibraryCode",
					"$(SRCROOT)/../../../../JUCE/modules",
					"$(SRCROOT)/../../JuceLibraryCode/modules",
					"$(SRCROOT)/../../../../JUCE/modules/juce_audio_plugin_client",
					"$(inherited)",
				);
				INSTALL_PATH = "@executable_path/../Frameworks";
				LLVM_LTO = YES;
				MACOSX_DEPLOYMENT_TARGET = 10.11;
				MTL_HEADER_SEARCH_PATHS = "$(SRCROOT)/../../../../JUCE/modules/juce_audio_processors/format_types/VST3_SDK $(SRCROOT)/../../JuceLibraryCode $(SRCROOT)/../../../../JUCE/modules $(SRCROOT)/../../JuceLibraryCode/modules $(SRCROOT)/../../../../JUCE/modules/juce_audio_plugin_client";
				OTHER_LDFLAGS = "-weak_framework Metal -weak_framework MetalKit";
				PRODUCT_BUNDLE_IDENTIFIER = com.ViatorDSP.Marauder2.0;
				PRODUCT_NAME = "Marauder";
				SKIP_INSTALL = YES;
				USE_HEADERMAP = NO;
				VALID_ARCHS = "i386 x86_64 arm64 arm64e";
			};
			name = Release;
		};
		178D9F8E9368EEAB9CE097BD /* Release */ = {
			isa = XCBuildConfiguration;
			buildSettings = {
				CLANG_CXX_LANGUAGE_STANDARD = "c++14";
				CLANG_CXX_LIBRARY = "libc++";
				CLANG_LINK_OBJC_RUNTIME = NO;
				CODE_SIGN_IDENTITY = "";
				COMBINE_HIDPI_IMAGES = YES;
				CONFIGURATION_BUILD_DIR = "$(PROJECT_DIR)/build/$(CONFIGURATION)";
				DEAD_CODE_STRIPPING = YES;
				DEPLOYMENT_LOCATION = YES;
				DSTROOT = /;
				EXCLUDED_ARCHS = "";
				GCC_GENERATE_DEBUGGING_SYMBOLS = NO;
				GCC_OPTIMIZATION_LEVEL = 3;
				GCC_PREPROCESSOR_DEFINITIONS = (
					"_NDEBUG=1",
					"NDEBUG=1",
					"JUCE_DISPLAY_SPLASH_SCREEN=0",
					"JUCE_USE_DARK_SPLASH_SCREEN=1",
					"JUCE_PROJUCER_VERSION=0x70001",
					"JUCE_MODULE_AVAILABLE_juce_audio_basics=1",
					"JUCE_MODULE_AVAILABLE_juce_audio_devices=1",
					"JUCE_MODULE_AVAILABLE_juce_audio_formats=1",
					"JUCE_MODULE_AVAILABLE_juce_audio_plugin_client=1",
					"JUCE_MODULE_AVAILABLE_juce_audio_processors=1",
					"JUCE_MODULE_AVAILABLE_juce_audio_utils=1",
					"JUCE_MODULE_AVAILABLE_juce_core=1",
					"JUCE_MODULE_AVAILABLE_juce_data_structures=1",
					"JUCE_MODULE_AVAILABLE_juce_dsp=1",
					"JUCE_MODULE_AVAILABLE_juce_events=1",
					"JUCE_MODULE_AVAILABLE_juce_graphics=1",
					"JUCE_MODULE_AVAILABLE_juce_gui_basics=1",
					"JUCE_MODULE_AVAILABLE_juce_gui_extra=1",
					"JUCE_MODULE_AVAILABLE_viator_modules=1",
					"JUCE_GLOBAL_MODULE_SETTINGS_INCLUDED=1",
					"JUCE_VST3_CAN_REPLACE_VST2=0",
					"JUCE_STRICT_REFCOUNTEDPOINTER=1",
					"JucePlugin_Build_VST=0",
					"JucePlugin_Build_VST3=0",
					"JucePlugin_Build_AU=1",
					"JucePlugin_Build_AUv3=0",
					"JucePlugin_Build_AAX=0",
					"JucePlugin_Build_Standalone=0",
					"JucePlugin_Build_Unity=0",
					"JucePlugin_Build_LV2=0",
					"JucePlugin_Enable_IAA=0",
					"JucePlugin_Enable_ARA=0",
					"JucePlugin_Name=\\\"Marauder_2.0\\\"",
					"JucePlugin_Desc=\\\"Marauder\\\"",
					"JucePlugin_Manufacturer=\\\"Viator\\ DSP\\\"",
					"JucePlugin_ManufacturerWebsite=\\\"www.ViatorDSP.com\\\"",
					"JucePlugin_ManufacturerEmail=\\\"\\\"",
					"JucePlugin_ManufacturerCode=0x4d616e75",
					"JucePlugin_PluginCode=0x4f633367",
					"JucePlugin_IsSynth=0",
					"JucePlugin_WantsMidiInput=0",
					"JucePlugin_ProducesMidiOutput=0",
					"JucePlugin_IsMidiEffect=0",
					"JucePlugin_EditorRequiresKeyboardFocus=0",
					"JucePlugin_Version=1.0.0",
					"JucePlugin_VersionCode=0x10000",
					"JucePlugin_VersionString=\\\"1.0.0\\\"",
					"JucePlugin_VSTUniqueID=JucePlugin_PluginCode",
					"JucePlugin_VSTCategory=kPlugCategEffect",
					"JucePlugin_Vst3Category=\\\"Fx\\\"",
					"JucePlugin_AUMainType=\\'aufx\\'",
					"JucePlugin_AUSubType=JucePlugin_PluginCode",
					"JucePlugin_AUExportPrefix=MarauderAU",
					"JucePlugin_AUExportPrefixQuoted=\\\"MarauderAU\\\"",
					"JucePlugin_AUManufacturerCode=JucePlugin_ManufacturerCode",
					"JucePlugin_CFBundleIdentifier=com.ViatorDSP.Marauder2.0",
					"JucePlugin_AAXIdentifier=com.ViatorDSP.Marauder",
					"JucePlugin_AAXManufacturerCode=JucePlugin_ManufacturerCode",
					"JucePlugin_AAXProductId=JucePlugin_PluginCode",
					"JucePlugin_AAXCategory=0",
					"JucePlugin_AAXDisableBypass=0",
					"JucePlugin_AAXDisableMultiMono=0",
					"JucePlugin_IAAType=0x61757278",
					"JucePlugin_IAASubType=JucePlugin_PluginCode",
					"JucePlugin_IAAName=\\\"Viator\\ DSP:\\ Marauder_2.0\\\"",
					"JucePlugin_VSTNumMidiInputs=16",
					"JucePlugin_VSTNumMidiOutputs=16",
					"JucePlugin_ARAContentTypes=0",
					"JucePlugin_ARATransformationFlags=0",
					"JucePlugin_ARAFactoryID=\\\"com.ViatorDSP.Marauder.factory\\\"",
					"JucePlugin_ARADocumentArchiveID=\\\"com.ViatorDSP.Marauder.aradocumentarchive.1.0.0\\\"",
					"JucePlugin_ARACompatibleArchiveIDs=\\\"\\\"",
					"JUCE_STANDALONE_APPLICATION=JucePlugin_Build_Standalone",
					"JUCER_XCODE_MAC_F6D2F4CF=1",
					"JUCE_APP_VERSION=1.0.0",
					"JUCE_APP_VERSION_HEX=0x10000",
				);
				GCC_VERSION = com.apple.compilers.llvm.clang.1_0;
				GENERATE_PKGINFO_FILE = YES;
				HEADER_SEARCH_PATHS = (
					"$(SRCROOT)/../../../../JUCE/modules/juce_audio_processors/format_types/VST3_SDK",
					"$(SRCROOT)/../../JuceLibraryCode",
					"$(SRCROOT)/../../../../JUCE/modules",
					"$(SRCROOT)/../../JuceLibraryCode/modules",
					"$(SRCROOT)/../../../../JUCE/modules/juce_audio_plugin_client",
					"$(inherited)",
				);
				INFOPLIST_FILE = Info-AU.plist;
				INFOPLIST_PREPROCESS = NO;
				INSTALL_PATH = "$(HOME)/Library/Audio/Plug-Ins/Components/";
				LIBRARY_STYLE = Bundle;
				LLVM_LTO = YES;
				MACOSX_DEPLOYMENT_TARGET = 10.11;
				MTL_HEADER_SEARCH_PATHS = "$(SRCROOT)/../../../../JUCE/modules/juce_audio_processors/format_types/VST3_SDK $(SRCROOT)/../../JuceLibraryCode $(SRCROOT)/../../../../JUCE/modules $(SRCROOT)/../../JuceLibraryCode/modules $(SRCROOT)/../../../../JUCE/modules/juce_audio_plugin_client";
				OTHER_LDFLAGS = "-bundle -lMarauder -weak_framework Metal -weak_framework MetalKit";
				OTHER_REZFLAGS = "-d ppc_$ppc -d i386_$i386 -d ppc64_$ppc64 -d x86_64_$x86_64 -d arm64_$arm64 -I /System/Library/Frameworks/CoreServices.framework/Frameworks/CarbonCore.framework/Versions/A/Headers -I \"$(DEVELOPER_DIR)/Extras/CoreAudio/AudioUnits/AUPublic/AUBase\" -I \"$(DEVELOPER_DIR)/Platforms/MacOSX.platform/Developer/SDKs/MacOSX.sdk/System/Library/Frameworks/AudioUnit.framework/Headers\"";
				PRODUCT_BUNDLE_IDENTIFIER = com.ViatorDSP.Marauder2.0;
				PRODUCT_NAME = "Marauder";
				USE_HEADERMAP = NO;
				VALID_ARCHS = "i386 x86_64 arm64 arm64e";
				WRAPPER_EXTENSION = component;
			};
			name = Release;
		};
		2832A62534AD2874451E904A /* Debug */ = {
			isa = XCBuildConfiguration;
			buildSettings = {
				ALWAYS_SEARCH_USER_PATHS = NO;
				CLANG_ENABLE_OBJC_WEAK = YES;
				CLANG_WARN_BLOCK_CAPTURE_AUTORELEASING = YES;
				CLANG_WARN_BOOL_CONVERSION = YES;
				CLANG_WARN_COMMA = YES;
				CLANG_WARN_CONSTANT_CONVERSION = YES;
				CLANG_WARN_DEPRECATED_OBJC_IMPLEMENTATIONS = YES;
				CLANG_WARN_EMPTY_BODY = YES;
				CLANG_WARN_ENUM_CONVERSION = YES;
				CLANG_WARN_INFINITE_RECURSION = YES;
				CLANG_WARN_INT_CONVERSION = YES;
				CLANG_WARN_NON_LITERAL_NULL_CONVERSION = YES;
				CLANG_WARN_OBJC_IMPLICIT_RETAIN_SELF = YES;
				CLANG_WARN_OBJC_LITERAL_CONVERSION = YES;
				CLANG_WARN_RANGE_LOOP_ANALYSIS = YES;
				CLANG_WARN_STRICT_PROTOTYPES = YES;
				CLANG_WARN_SUSPICIOUS_MOVE = YES;
				CLANG_WARN_UNREACHABLE_CODE = YES;
				CLANG_WARN__DUPLICATE_METHOD_MATCH = YES;
				CODE_SIGN_IDENTITY = "";
				DEBUG_INFORMATION_FORMAT = dwarf;
				ENABLE_STRICT_OBJC_MSGSEND = YES;
				ENABLE_TESTABILITY = NO;
				GCC_C_LANGUAGE_STANDARD = c11;
				GCC_INLINES_ARE_PRIVATE_EXTERN = YES;
				GCC_MODEL_TUNING = G5;
				GCC_NO_COMMON_BLOCKS = YES;
				GCC_SYMBOLS_PRIVATE_EXTERN = YES;
				GCC_WARN_64_TO_32_BIT_CONVERSION = YES;
				GCC_WARN_ABOUT_RETURN_TYPE = YES;
				GCC_WARN_CHECK_SWITCH_STATEMENTS = YES;
				GCC_WARN_MISSING_PARENTHESES = YES;
				GCC_WARN_NON_VIRTUAL_DESTRUCTOR = YES;
				GCC_WARN_TYPECHECK_CALLS_TO_PRINTF = YES;
				GCC_WARN_UNDECLARED_SELECTOR = YES;
				GCC_WARN_UNINITIALIZED_AUTOS = YES;
				GCC_WARN_UNUSED_FUNCTION = YES;
				GCC_WARN_UNUSED_VARIABLE = YES;
				ONLY_ACTIVE_ARCH = YES;
				PRODUCT_NAME = "Marauder";
				SDKROOT = macosx;
				WARNING_CFLAGS = "-Wreorder";
				ZERO_LINK = NO;
			};
			name = Debug;
		};
		51BC32863CA6D0E748DC9354 /* Release */ = {
			isa = XCBuildConfiguration;
			buildSettings = {
				ALWAYS_SEARCH_USER_PATHS = NO;
				CLANG_ENABLE_OBJC_WEAK = YES;
				CLANG_WARN_BLOCK_CAPTURE_AUTORELEASING = YES;
				CLANG_WARN_BOOL_CONVERSION = YES;
				CLANG_WARN_COMMA = YES;
				CLANG_WARN_CONSTANT_CONVERSION = YES;
				CLANG_WARN_DEPRECATED_OBJC_IMPLEMENTATIONS = YES;
				CLANG_WARN_EMPTY_BODY = YES;
				CLANG_WARN_ENUM_CONVERSION = YES;
				CLANG_WARN_INFINITE_RECURSION = YES;
				CLANG_WARN_INT_CONVERSION = YES;
				CLANG_WARN_NON_LITERAL_NULL_CONVERSION = YES;
				CLANG_WARN_OBJC_IMPLICIT_RETAIN_SELF = YES;
				CLANG_WARN_OBJC_LITERAL_CONVERSION = YES;
				CLANG_WARN_RANGE_LOOP_ANALYSIS = YES;
				CLANG_WARN_STRICT_PROTOTYPES = YES;
				CLANG_WARN_SUSPICIOUS_MOVE = YES;
				CLANG_WARN_UNREACHABLE_CODE = YES;
				CLANG_WARN__DUPLICATE_METHOD_MATCH = YES;
				CODE_SIGN_IDENTITY = "";
				DEBUG_INFORMATION_FORMAT = dwarf;
				ENABLE_STRICT_OBJC_MSGSEND = YES;
				ENABLE_TESTABILITY = NO;
				GCC_C_LANGUAGE_STANDARD = c11;
				GCC_INLINES_ARE_PRIVATE_EXTERN = YES;
				GCC_MODEL_TUNING = G5;
				GCC_NO_COMMON_BLOCKS = YES;
				GCC_SYMBOLS_PRIVATE_EXTERN = YES;
				GCC_WARN_64_TO_32_BIT_CONVERSION = YES;
				GCC_WARN_ABOUT_RETURN_TYPE = YES;
				GCC_WARN_CHECK_SWITCH_STATEMENTS = YES;
				GCC_WARN_MISSING_PARENTHESES = YES;
				GCC_WARN_NON_VIRTUAL_DESTRUCTOR = YES;
				GCC_WARN_TYPECHECK_CALLS_TO_PRINTF = YES;
				GCC_WARN_UNDECLARED_SELECTOR = YES;
				GCC_WARN_UNINITIALIZED_AUTOS = YES;
				GCC_WARN_UNUSED_FUNCTION = YES;
				GCC_WARN_UNUSED_VARIABLE = YES;
				PRODUCT_NAME = "Marauder";
				SDKROOT = macosx;
				WARNING_CFLAGS = "-Wreorder";
				ZERO_LINK = NO;
			};
			name = Release;
		};
		5A56FAB200532BC747E104C6 /* Debug */ = {
			isa = XCBuildConfiguration;
			buildSettings = {
				CLANG_CXX_LANGUAGE_STANDARD = "c++14";
				CLANG_CXX_LIBRARY = "libc++";
				CLANG_LINK_OBJC_RUNTIME = NO;
				CODE_SIGN_IDENTITY = "";
				COMBINE_HIDPI_IMAGES = YES;
				CONFIGURATION_BUILD_DIR = "$(PROJECT_DIR)/build/$(CONFIGURATION)";
				COPY_PHASE_STRIP = NO;
				DEPLOYMENT_LOCATION = YES;
				DSTROOT = /;
				EXCLUDED_ARCHS = "";
				GCC_DYNAMIC_NO_PIC = NO;
				GCC_OPTIMIZATION_LEVEL = 0;
				GCC_PREPROCESSOR_DEFINITIONS = (
					"_DEBUG=1",
					"DEBUG=1",
					"JUCE_DISPLAY_SPLASH_SCREEN=0",
					"JUCE_USE_DARK_SPLASH_SCREEN=1",
					"JUCE_PROJUCER_VERSION=0x70001",
					"JUCE_MODULE_AVAILABLE_juce_audio_basics=1",
					"JUCE_MODULE_AVAILABLE_juce_audio_devices=1",
					"JUCE_MODULE_AVAILABLE_juce_audio_formats=1",
					"JUCE_MODULE_AVAILABLE_juce_audio_plugin_client=1",
					"JUCE_MODULE_AVAILABLE_juce_audio_processors=1",
					"JUCE_MODULE_AVAILABLE_juce_audio_utils=1",
					"JUCE_MODULE_AVAILABLE_juce_core=1",
					"JUCE_MODULE_AVAILABLE_juce_data_structures=1",
					"JUCE_MODULE_AVAILABLE_juce_dsp=1",
					"JUCE_MODULE_AVAILABLE_juce_events=1",
					"JUCE_MODULE_AVAILABLE_juce_graphics=1",
					"JUCE_MODULE_AVAILABLE_juce_gui_basics=1",
					"JUCE_MODULE_AVAILABLE_juce_gui_extra=1",
					"JUCE_MODULE_AVAILABLE_viator_modules=1",
					"JUCE_GLOBAL_MODULE_SETTINGS_INCLUDED=1",
					"JUCE_VST3_CAN_REPLACE_VST2=0",
					"JUCE_STRICT_REFCOUNTEDPOINTER=1",
					"JucePlugin_Build_VST=0",
					"JucePlugin_Build_VST3=1",
					"JucePlugin_Build_AU=0",
					"JucePlugin_Build_AUv3=0",
					"JucePlugin_Build_AAX=0",
					"JucePlugin_Build_Standalone=0",
					"JucePlugin_Build_Unity=0",
					"JucePlugin_Build_LV2=0",
					"JucePlugin_Enable_IAA=0",
					"JucePlugin_Enable_ARA=0",
					"JucePlugin_Name=\\\"Marauder_2.0\\\"",
					"JucePlugin_Desc=\\\"Marauder\\\"",
					"JucePlugin_Manufacturer=\\\"Viator\\ DSP\\\"",
					"JucePlugin_ManufacturerWebsite=\\\"www.ViatorDSP.com\\\"",
					"JucePlugin_ManufacturerEmail=\\\"\\\"",
					"JucePlugin_ManufacturerCode=0x4d616e75",
					"JucePlugin_PluginCode=0x4f633367",
					"JucePlugin_IsSynth=0",
					"JucePlugin_WantsMidiInput=0",
					"JucePlugin_ProducesMidiOutput=0",
					"JucePlugin_IsMidiEffect=0",
					"JucePlugin_EditorRequiresKeyboardFocus=0",
					"JucePlugin_Version=1.0.0",
					"JucePlugin_VersionCode=0x10000",
					"JucePlugin_VersionString=\\\"1.0.0\\\"",
					"JucePlugin_VSTUniqueID=JucePlugin_PluginCode",
					"JucePlugin_VSTCategory=kPlugCategEffect",
					"JucePlugin_Vst3Category=\\\"Fx\\\"",
					"JucePlugin_AUMainType=\\'aufx\\'",
					"JucePlugin_AUSubType=JucePlugin_PluginCode",
					"JucePlugin_AUExportPrefix=MarauderAU",
					"JucePlugin_AUExportPrefixQuoted=\\\"MarauderAU\\\"",
					"JucePlugin_AUManufacturerCode=JucePlugin_ManufacturerCode",
					"JucePlugin_CFBundleIdentifier=com.ViatorDSP.Marauder2.0",
					"JucePlugin_AAXIdentifier=com.ViatorDSP.Marauder",
					"JucePlugin_AAXManufacturerCode=JucePlugin_ManufacturerCode",
					"JucePlugin_AAXProductId=JucePlugin_PluginCode",
					"JucePlugin_AAXCategory=0",
					"JucePlugin_AAXDisableBypass=0",
					"JucePlugin_AAXDisableMultiMono=0",
					"JucePlugin_IAAType=0x61757278",
					"JucePlugin_IAASubType=JucePlugin_PluginCode",
					"JucePlugin_IAAName=\\\"Viator\\ DSP:\\ Marauder_2.0\\\"",
					"JucePlugin_VSTNumMidiInputs=16",
					"JucePlugin_VSTNumMidiOutputs=16",
					"JucePlugin_ARAContentTypes=0",
					"JucePlugin_ARATransformationFlags=0",
					"JucePlugin_ARAFactoryID=\\\"com.ViatorDSP.Marauder.factory\\\"",
					"JucePlugin_ARADocumentArchiveID=\\\"com.ViatorDSP.Marauder.aradocumentarchive.1.0.0\\\"",
					"JucePlugin_ARACompatibleArchiveIDs=\\\"\\\"",
					"JUCE_STANDALONE_APPLICATION=JucePlugin_Build_Standalone",
					"JUCER_XCODE_MAC_F6D2F4CF=1",
					"JUCE_APP_VERSION=1.0.0",
					"JUCE_APP_VERSION_HEX=0x10000",
				);
				GCC_VERSION = com.apple.compilers.llvm.clang.1_0;
				GENERATE_PKGINFO_FILE = YES;
				HEADER_SEARCH_PATHS = (
					"$(SRCROOT)/../../../../JUCE/modules/juce_audio_processors/format_types/VST3_SDK",
					"$(SRCROOT)/../../JuceLibraryCode",
					"$(SRCROOT)/../../../../JUCE/modules",
					"$(SRCROOT)/../../JuceLibraryCode/modules",
					"$(SRCROOT)/../../../../JUCE/modules/juce_audio_plugin_client",
					"$(inherited)",
				);
				INFOPLIST_FILE = Info-VST3.plist;
				INFOPLIST_PREPROCESS = NO;
				INSTALL_PATH = "$(HOME)/Library/Audio/Plug-Ins/VST3/";
				LIBRARY_STYLE = Bundle;
				MACOSX_DEPLOYMENT_TARGET = 10.11;
				MTL_HEADER_SEARCH_PATHS = "$(SRCROOT)/../../../../JUCE/modules/juce_audio_processors/format_types/VST3_SDK $(SRCROOT)/../../JuceLibraryCode $(SRCROOT)/../../../../JUCE/modules $(SRCROOT)/../../JuceLibraryCode/modules $(SRCROOT)/../../../../JUCE/modules/juce_audio_plugin_client";
				OTHER_LDFLAGS = "-bundle -lMarauder -weak_framework Metal -weak_framework MetalKit";
				PRODUCT_BUNDLE_IDENTIFIER = com.ViatorDSP.Marauder2.0;
				PRODUCT_NAME = "Marauder";
				USE_HEADERMAP = NO;
				VALID_ARCHS = "i386 x86_64 arm64 arm64e";
				WRAPPER_EXTENSION = vst3;
			};
			name = Debug;
		};
		60D9E220DB685A1A691C3F5C /* Release */ = {
			isa = XCBuildConfiguration;
			buildSettings = {
				MACOSX_DEPLOYMENT_TARGET = 10.11;
				SDKROOT = macosx;
			};
			name = Release;
		};
		8E9F074A8240E2E4F7456A52 /* Debug */ = {
			isa = XCBuildConfiguration;
			buildSettings = {
				CLANG_CXX_LANGUAGE_STANDARD = "c++14";
				CLANG_CXX_LIBRARY = "libc++";
				CLANG_LINK_OBJC_RUNTIME = NO;
				CODE_SIGN_IDENTITY = "";
				COMBINE_HIDPI_IMAGES = YES;
				CONFIGURATION_BUILD_DIR = "$(PROJECT_DIR)/build/$(CONFIGURATION)";
				COPY_PHASE_STRIP = NO;
				EXCLUDED_ARCHS = "";
				GCC_DYNAMIC_NO_PIC = NO;
				GCC_OPTIMIZATION_LEVEL = 0;
				GCC_PREPROCESSOR_DEFINITIONS = (
					"_DEBUG=1",
					"DEBUG=1",
					"JUCE_DISPLAY_SPLASH_SCREEN=0",
					"JUCE_USE_DARK_SPLASH_SCREEN=1",
					"JUCE_PROJUCER_VERSION=0x70001",
					"JUCE_MODULE_AVAILABLE_juce_audio_basics=1",
					"JUCE_MODULE_AVAILABLE_juce_audio_devices=1",
					"JUCE_MODULE_AVAILABLE_juce_audio_formats=1",
					"JUCE_MODULE_AVAILABLE_juce_audio_plugin_client=1",
					"JUCE_MODULE_AVAILABLE_juce_audio_processors=1",
					"JUCE_MODULE_AVAILABLE_juce_audio_utils=1",
					"JUCE_MODULE_AVAILABLE_juce_core=1",
					"JUCE_MODULE_AVAILABLE_juce_data_structures=1",
					"JUCE_MODULE_AVAILABLE_juce_dsp=1",
					"JUCE_MODULE_AVAILABLE_juce_events=1",
					"JUCE_MODULE_AVAILABLE_juce_graphics=1",
					"JUCE_MODULE_AVAILABLE_juce_gui_basics=1",
					"JUCE_MODULE_AVAILABLE_juce_gui_extra=1",
					"JUCE_MODULE_AVAILABLE_viator_modules=1",
					"JUCE_GLOBAL_MODULE_SETTINGS_INCLUDED=1",
					"JUCE_VST3_CAN_REPLACE_VST2=0",
					"JUCE_STRICT_REFCOUNTEDPOINTER=1",
					"JucePlugin_Build_VST=0",
					"JucePlugin_Build_VST3=0",
					"JucePlugin_Build_AU=0",
					"JucePlugin_Build_AUv3=0",
					"JucePlugin_Build_AAX=0",
					"JucePlugin_Build_Standalone=1",
					"JucePlugin_Build_Unity=0",
					"JucePlugin_Build_LV2=0",
					"JucePlugin_Enable_IAA=0",
					"JucePlugin_Enable_ARA=0",
					"JucePlugin_Name=\\\"Marauder_2.0\\\"",
					"JucePlugin_Desc=\\\"Marauder\\\"",
					"JucePlugin_Manufacturer=\\\"Viator\\ DSP\\\"",
					"JucePlugin_ManufacturerWebsite=\\\"www.ViatorDSP.com\\\"",
					"JucePlugin_ManufacturerEmail=\\\"\\\"",
					"JucePlugin_ManufacturerCode=0x4d616e75",
					"JucePlugin_PluginCode=0x4f633367",
					"JucePlugin_IsSynth=0",
					"JucePlugin_WantsMidiInput=0",
					"JucePlugin_ProducesMidiOutput=0",
					"JucePlugin_IsMidiEffect=0",
					"JucePlugin_EditorRequiresKeyboardFocus=0",
					"JucePlugin_Version=1.0.0",
					"JucePlugin_VersionCode=0x10000",
					"JucePlugin_VersionString=\\\"1.0.0\\\"",
					"JucePlugin_VSTUniqueID=JucePlugin_PluginCode",
					"JucePlugin_VSTCategory=kPlugCategEffect",
					"JucePlugin_Vst3Category=\\\"Fx\\\"",
					"JucePlugin_AUMainType=\\'aufx\\'",
					"JucePlugin_AUSubType=JucePlugin_PluginCode",
					"JucePlugin_AUExportPrefix=MarauderAU",
					"JucePlugin_AUExportPrefixQuoted=\\\"MarauderAU\\\"",
					"JucePlugin_AUManufacturerCode=JucePlugin_ManufacturerCode",
					"JucePlugin_CFBundleIdentifier=com.ViatorDSP.Marauder2.0",
					"JucePlugin_AAXIdentifier=com.ViatorDSP.Marauder",
					"JucePlugin_AAXManufacturerCode=JucePlugin_ManufacturerCode",
					"JucePlugin_AAXProductId=JucePlugin_PluginCode",
					"JucePlugin_AAXCategory=0",
					"JucePlugin_AAXDisableBypass=0",
					"JucePlugin_AAXDisableMultiMono=0",
					"JucePlugin_IAAType=0x61757278",
					"JucePlugin_IAASubType=JucePlugin_PluginCode",
					"JucePlugin_IAAName=\\\"Viator\\ DSP:\\ Marauder_2.0\\\"",
					"JucePlugin_VSTNumMidiInputs=16",
					"JucePlugin_VSTNumMidiOutputs=16",
					"JucePlugin_ARAContentTypes=0",
					"JucePlugin_ARATransformationFlags=0",
					"JucePlugin_ARAFactoryID=\\\"com.ViatorDSP.Marauder.factory\\\"",
					"JucePlugin_ARADocumentArchiveID=\\\"com.ViatorDSP.Marauder.aradocumentarchive.1.0.0\\\"",
					"JucePlugin_ARACompatibleArchiveIDs=\\\"\\\"",
					"JUCE_STANDALONE_APPLICATION=JucePlugin_Build_Standalone",
					"JUCER_XCODE_MAC_F6D2F4CF=1",
					"JUCE_APP_VERSION=1.0.0",
					"JUCE_APP_VERSION_HEX=0x10000",
				);
				GCC_VERSION = com.apple.compilers.llvm.clang.1_0;
				HEADER_SEARCH_PATHS = (
					"$(SRCROOT)/../../../../JUCE/modules/juce_audio_processors/format_types/VST3_SDK",
					"$(SRCROOT)/../../JuceLibraryCode",
					"$(SRCROOT)/../../../../JUCE/modules",
					"$(SRCROOT)/../../JuceLibraryCode/modules",
					"$(SRCROOT)/../../../../JUCE/modules/juce_audio_plugin_client",
					"$(inherited)",
				);
				INFOPLIST_FILE = Info-Standalone_Plugin.plist;
				INFOPLIST_PREPROCESS = NO;
				MACOSX_DEPLOYMENT_TARGET = 10.11;
				MTL_HEADER_SEARCH_PATHS = "$(SRCROOT)/../../../../JUCE/modules/juce_audio_processors/format_types/VST3_SDK $(SRCROOT)/../../JuceLibraryCode $(SRCROOT)/../../../../JUCE/modules $(SRCROOT)/../../JuceLibraryCode/modules $(SRCROOT)/../../../../JUCE/modules/juce_audio_plugin_client";
				OTHER_LDFLAGS = "-lMarauder -weak_framework Metal -weak_framework MetalKit";
				PRODUCT_BUNDLE_IDENTIFIER = com.ViatorDSP.Marauder2.0;
				PRODUCT_NAME = "Marauder";
				USE_HEADERMAP = NO;
				VALID_ARCHS = "i386 x86_64 arm64 arm64e";
			};
			name = Debug;
		};
		8FF746222F20F6123D305347 /* Release */ = {
			isa = XCBuildConfiguration;
			buildSettings = {
				CLANG_CXX_LANGUAGE_STANDARD = "c++14";
				CLANG_CXX_LIBRARY = "libc++";
				CLANG_LINK_OBJC_RUNTIME = NO;
				CODE_SIGN_IDENTITY = "";
				COMBINE_HIDPI_IMAGES = YES;
				CONFIGURATION_BUILD_DIR = "$(PROJECT_DIR)/build/$(CONFIGURATION)";
				DEAD_CODE_STRIPPING = YES;
				EXCLUDED_ARCHS = "";
				GCC_GENERATE_DEBUGGING_SYMBOLS = NO;
				GCC_OPTIMIZATION_LEVEL = 3;
				GCC_PREPROCESSOR_DEFINITIONS = (
					"_NDEBUG=1",
					"NDEBUG=1",
					"JUCE_DISPLAY_SPLASH_SCREEN=0",
					"JUCE_USE_DARK_SPLASH_SCREEN=1",
					"JUCE_PROJUCER_VERSION=0x70001",
					"JUCE_MODULE_AVAILABLE_juce_audio_basics=1",
					"JUCE_MODULE_AVAILABLE_juce_audio_devices=1",
					"JUCE_MODULE_AVAILABLE_juce_audio_formats=1",
					"JUCE_MODULE_AVAILABLE_juce_audio_plugin_client=1",
					"JUCE_MODULE_AVAILABLE_juce_audio_processors=1",
					"JUCE_MODULE_AVAILABLE_juce_audio_utils=1",
					"JUCE_MODULE_AVAILABLE_juce_core=1",
					"JUCE_MODULE_AVAILABLE_juce_data_structures=1",
					"JUCE_MODULE_AVAILABLE_juce_dsp=1",
					"JUCE_MODULE_AVAILABLE_juce_events=1",
					"JUCE_MODULE_AVAILABLE_juce_graphics=1",
					"JUCE_MODULE_AVAILABLE_juce_gui_basics=1",
					"JUCE_MODULE_AVAILABLE_juce_gui_extra=1",
					"JUCE_MODULE_AVAILABLE_viator_modules=1",
					"JUCE_GLOBAL_MODULE_SETTINGS_INCLUDED=1",
					"JUCE_VST3_CAN_REPLACE_VST2=0",
					"JUCE_STRICT_REFCOUNTEDPOINTER=1",
					"JucePlugin_Build_VST=0",
					"JucePlugin_Build_VST3=0",
					"JucePlugin_Build_AU=0",
					"JucePlugin_Build_AUv3=0",
					"JucePlugin_Build_AAX=0",
					"JucePlugin_Build_Standalone=1",
					"JucePlugin_Build_Unity=0",
					"JucePlugin_Build_LV2=0",
					"JucePlugin_Enable_IAA=0",
					"JucePlugin_Enable_ARA=0",
					"JucePlugin_Name=\\\"Marauder_2.0\\\"",
					"JucePlugin_Desc=\\\"Marauder\\\"",
					"JucePlugin_Manufacturer=\\\"Viator\\ DSP\\\"",
					"JucePlugin_ManufacturerWebsite=\\\"www.ViatorDSP.com\\\"",
					"JucePlugin_ManufacturerEmail=\\\"\\\"",
					"JucePlugin_ManufacturerCode=0x4d616e75",
					"JucePlugin_PluginCode=0x4f633367",
					"JucePlugin_IsSynth=0",
					"JucePlugin_WantsMidiInput=0",
					"JucePlugin_ProducesMidiOutput=0",
					"JucePlugin_IsMidiEffect=0",
					"JucePlugin_EditorRequiresKeyboardFocus=0",
					"JucePlugin_Version=1.0.0",
					"JucePlugin_VersionCode=0x10000",
					"JucePlugin_VersionString=\\\"1.0.0\\\"",
					"JucePlugin_VSTUniqueID=JucePlugin_PluginCode",
					"JucePlugin_VSTCategory=kPlugCategEffect",
					"JucePlugin_Vst3Category=\\\"Fx\\\"",
					"JucePlugin_AUMainType=\\'aufx\\'",
					"JucePlugin_AUSubType=JucePlugin_PluginCode",
					"JucePlugin_AUExportPrefix=MarauderAU",
					"JucePlugin_AUExportPrefixQuoted=\\\"MarauderAU\\\"",
					"JucePlugin_AUManufacturerCode=JucePlugin_ManufacturerCode",
					"JucePlugin_CFBundleIdentifier=com.ViatorDSP.Marauder2.0",
					"JucePlugin_AAXIdentifier=com.ViatorDSP.Marauder",
					"JucePlugin_AAXManufacturerCode=JucePlugin_ManufacturerCode",
					"JucePlugin_AAXProductId=JucePlugin_PluginCode",
					"JucePlugin_AAXCategory=0",
					"JucePlugin_AAXDisableBypass=0",
					"JucePlugin_AAXDisableMultiMono=0",
					"JucePlugin_IAAType=0x61757278",
					"JucePlugin_IAASubType=JucePlugin_PluginCode",
					"JucePlugin_IAAName=\\\"Viator\\ DSP:\\ Marauder_2.0\\\"",
					"JucePlugin_VSTNumMidiInputs=16",
					"JucePlugin_VSTNumMidiOutputs=16",
					"JucePlugin_ARAContentTypes=0",
					"JucePlugin_ARATransformationFlags=0",
					"JucePlugin_ARAFactoryID=\\\"com.ViatorDSP.Marauder.factory\\\"",
					"JucePlugin_ARADocumentArchiveID=\\\"com.ViatorDSP.Marauder.aradocumentarchive.1.0.0\\\"",
					"JucePlugin_ARACompatibleArchiveIDs=\\\"\\\"",
					"JUCE_STANDALONE_APPLICATION=JucePlugin_Build_Standalone",
					"JUCER_XCODE_MAC_F6D2F4CF=1",
					"JUCE_APP_VERSION=1.0.0",
					"JUCE_APP_VERSION_HEX=0x10000",
				);
				GCC_VERSION = com.apple.compilers.llvm.clang.1_0;
				HEADER_SEARCH_PATHS = (
					"$(SRCROOT)/../../../../JUCE/modules/juce_audio_processors/format_types/VST3_SDK",
					"$(SRCROOT)/../../JuceLibraryCode",
					"$(SRCROOT)/../../../../JUCE/modules",
					"$(SRCROOT)/../../JuceLibraryCode/modules",
					"$(SRCROOT)/../../../../JUCE/modules/juce_audio_plugin_client",
					"$(inherited)",
				);
				INFOPLIST_FILE = Info-Standalone_Plugin.plist;
				INFOPLIST_PREPROCESS = NO;
				LLVM_LTO = YES;
				MACOSX_DEPLOYMENT_TARGET = 10.11;
				MTL_HEADER_SEARCH_PATHS = "$(SRCROOT)/../../../../JUCE/modules/juce_audio_processors/format_types/VST3_SDK $(SRCROOT)/../../JuceLibraryCode $(SRCROOT)/../../../../JUCE/modules $(SRCROOT)/../../JuceLibraryCode/modules $(SRCROOT)/../../../../JUCE/modules/juce_audio_plugin_client";
				OTHER_LDFLAGS = "-lMarauder -weak_framework Metal -weak_framework MetalKit";
				PRODUCT_BUNDLE_IDENTIFIER = com.ViatorDSP.Marauder2.0;
				PRODUCT_NAME = "Marauder";
				USE_HEADERMAP = NO;
				VALID_ARCHS = "i386 x86_64 arm64 arm64e";
			};
			name = Release;
		};
		984D479B679489374506A165 /* Debug */ = {
			isa = XCBuildConfiguration;
			buildSettings = {
				CLANG_CXX_LANGUAGE_STANDARD = "c++14";
				CLANG_CXX_LIBRARY = "libc++";
				CLANG_LINK_OBJC_RUNTIME = NO;
				CODE_SIGN_IDENTITY = "";
				COMBINE_HIDPI_IMAGES = YES;
				CONFIGURATION_BUILD_DIR = "$(PROJECT_DIR)/build/$(CONFIGURATION)";
				COPY_PHASE_STRIP = NO;
				EXCLUDED_ARCHS = "";
				GCC_DYNAMIC_NO_PIC = NO;
				GCC_OPTIMIZATION_LEVEL = 0;
				GCC_PREPROCESSOR_DEFINITIONS = (
					"_DEBUG=1",
					"DEBUG=1",
					"JUCE_DISPLAY_SPLASH_SCREEN=0",
					"JUCE_USE_DARK_SPLASH_SCREEN=1",
					"JUCE_PROJUCER_VERSION=0x70001",
					"JUCE_MODULE_AVAILABLE_juce_audio_basics=1",
					"JUCE_MODULE_AVAILABLE_juce_audio_devices=1",
					"JUCE_MODULE_AVAILABLE_juce_audio_formats=1",
					"JUCE_MODULE_AVAILABLE_juce_audio_plugin_client=1",
					"JUCE_MODULE_AVAILABLE_juce_audio_processors=1",
					"JUCE_MODULE_AVAILABLE_juce_audio_utils=1",
					"JUCE_MODULE_AVAILABLE_juce_core=1",
					"JUCE_MODULE_AVAILABLE_juce_data_structures=1",
					"JUCE_MODULE_AVAILABLE_juce_dsp=1",
					"JUCE_MODULE_AVAILABLE_juce_events=1",
					"JUCE_MODULE_AVAILABLE_juce_graphics=1",
					"JUCE_MODULE_AVAILABLE_juce_gui_basics=1",
					"JUCE_MODULE_AVAILABLE_juce_gui_extra=1",
					"JUCE_MODULE_AVAILABLE_viator_modules=1",
					"JUCE_GLOBAL_MODULE_SETTINGS_INCLUDED=1",
					"JUCE_VST3_CAN_REPLACE_VST2=0",
					"JUCE_STRICT_REFCOUNTEDPOINTER=1",
					"JucePlugin_Build_VST=0",
					"JucePlugin_Build_VST3=1",
					"JucePlugin_Build_AU=1",
					"JucePlugin_Build_AUv3=0",
					"JucePlugin_Build_AAX=0",
					"JucePlugin_Build_Standalone=1",
					"JucePlugin_Build_Unity=0",
					"JucePlugin_Build_LV2=0",
					"JucePlugin_Enable_IAA=0",
					"JucePlugin_Enable_ARA=0",
					"JucePlugin_Name=\\\"Marauder_2.0\\\"",
					"JucePlugin_Desc=\\\"Marauder\\\"",
					"JucePlugin_Manufacturer=\\\"Viator\\ DSP\\\"",
					"JucePlugin_ManufacturerWebsite=\\\"www.ViatorDSP.com\\\"",
					"JucePlugin_ManufacturerEmail=\\\"\\\"",
					"JucePlugin_ManufacturerCode=0x4d616e75",
					"JucePlugin_PluginCode=0x4f633367",
					"JucePlugin_IsSynth=0",
					"JucePlugin_WantsMidiInput=0",
					"JucePlugin_ProducesMidiOutput=0",
					"JucePlugin_IsMidiEffect=0",
					"JucePlugin_EditorRequiresKeyboardFocus=0",
					"JucePlugin_Version=1.0.0",
					"JucePlugin_VersionCode=0x10000",
					"JucePlugin_VersionString=\\\"1.0.0\\\"",
					"JucePlugin_VSTUniqueID=JucePlugin_PluginCode",
					"JucePlugin_VSTCategory=kPlugCategEffect",
					"JucePlugin_Vst3Category=\\\"Fx\\\"",
					"JucePlugin_AUMainType=\\'aufx\\'",
					"JucePlugin_AUSubType=JucePlugin_PluginCode",
					"JucePlugin_AUExportPrefix=MarauderAU",
					"JucePlugin_AUExportPrefixQuoted=\\\"MarauderAU\\\"",
					"JucePlugin_AUManufacturerCode=JucePlugin_ManufacturerCode",
					"JucePlugin_CFBundleIdentifier=com.ViatorDSP.Marauder2.0",
					"JucePlugin_AAXIdentifier=com.ViatorDSP.Marauder",
					"JucePlugin_AAXManufacturerCode=JucePlugin_ManufacturerCode",
					"JucePlugin_AAXProductId=JucePlugin_PluginCode",
					"JucePlugin_AAXCategory=0",
					"JucePlugin_AAXDisableBypass=0",
					"JucePlugin_AAXDisableMultiMono=0",
					"JucePlugin_IAAType=0x61757278",
					"JucePlugin_IAASubType=JucePlugin_PluginCode",
					"JucePlugin_IAAName=\\\"Viator\\ DSP:\\ Marauder_2.0\\\"",
					"JucePlugin_VSTNumMidiInputs=16",
					"JucePlugin_VSTNumMidiOutputs=16",
					"JucePlugin_ARAContentTypes=0",
					"JucePlugin_ARATransformationFlags=0",
					"JucePlugin_ARAFactoryID=\\\"com.ViatorDSP.Marauder.factory\\\"",
					"JucePlugin_ARADocumentArchiveID=\\\"com.ViatorDSP.Marauder.aradocumentarchive.1.0.0\\\"",
					"JucePlugin_ARACompatibleArchiveIDs=\\\"\\\"",
					"JUCE_STANDALONE_APPLICATION=JucePlugin_Build_Standalone",
					"JUCER_XCODE_MAC_F6D2F4CF=1",
					"JUCE_APP_VERSION=1.0.0",
					"JUCE_APP_VERSION_HEX=0x10000",
					"JUCE_SHARED_CODE=1",
				);
				GCC_VERSION = com.apple.compilers.llvm.clang.1_0;
				HEADER_SEARCH_PATHS = (
					"$(SRCROOT)/../../../../JUCE/modules/juce_audio_processors/format_types/VST3_SDK",
					"$(SRCROOT)/../../JuceLibraryCode",
					"$(SRCROOT)/../../../../JUCE/modules",
					"$(SRCROOT)/../../JuceLibraryCode/modules",
					"$(SRCROOT)/../../../../JUCE/modules/juce_audio_plugin_client",
					"$(inherited)",
				);
				INSTALL_PATH = "@executable_path/../Frameworks";
				MACOSX_DEPLOYMENT_TARGET = 10.11;
				MTL_HEADER_SEARCH_PATHS = "$(SRCROOT)/../../../../JUCE/modules/juce_audio_processors/format_types/VST3_SDK $(SRCROOT)/../../JuceLibraryCode $(SRCROOT)/../../../../JUCE/modules $(SRCROOT)/../../JuceLibraryCode/modules $(SRCROOT)/../../../../JUCE/modules/juce_audio_plugin_client";
				OTHER_LDFLAGS = "-weak_framework Metal -weak_framework MetalKit";
				PRODUCT_BUNDLE_IDENTIFIER = com.ViatorDSP.Marauder2.0;
				PRODUCT_NAME = "Marauder";
				SKIP_INSTALL = YES;
				USE_HEADERMAP = NO;
				VALID_ARCHS = "i386 x86_64 arm64 arm64e";
			};
			name = Debug;
		};
		AF1A9893EB5E22413ADC755C /* Debug */ = {
			isa = XCBuildConfiguration;
			buildSettings = {
				MACOSX_DEPLOYMENT_TARGET = 10.11;
				SDKROOT = macosx;
			};
			name = Debug;
		};
		DC33C40FEF9A6A373C968516 /* Release */ = {
			isa = XCBuildConfiguration;
			buildSettings = {
				CLANG_CXX_LANGUAGE_STANDARD = "c++14";
				CLANG_CXX_LIBRARY = "libc++";
				CLANG_LINK_OBJC_RUNTIME = NO;
				CODE_SIGN_IDENTITY = "";
				COMBINE_HIDPI_IMAGES = YES;
				CONFIGURATION_BUILD_DIR = "$(PROJECT_DIR)/build/$(CONFIGURATION)";
				DEAD_CODE_STRIPPING = YES;
				DEPLOYMENT_LOCATION = YES;
				DSTROOT = /;
				EXCLUDED_ARCHS = "";
				GCC_GENERATE_DEBUGGING_SYMBOLS = NO;
				GCC_OPTIMIZATION_LEVEL = 3;
				GCC_PREPROCESSOR_DEFINITIONS = (
					"_NDEBUG=1",
					"NDEBUG=1",
					"JUCE_DISPLAY_SPLASH_SCREEN=0",
					"JUCE_USE_DARK_SPLASH_SCREEN=1",
					"JUCE_PROJUCER_VERSION=0x70001",
					"JUCE_MODULE_AVAILABLE_juce_audio_basics=1",
					"JUCE_MODULE_AVAILABLE_juce_audio_devices=1",
					"JUCE_MODULE_AVAILABLE_juce_audio_formats=1",
					"JUCE_MODULE_AVAILABLE_juce_audio_plugin_client=1",
					"JUCE_MODULE_AVAILABLE_juce_audio_processors=1",
					"JUCE_MODULE_AVAILABLE_juce_audio_utils=1",
					"JUCE_MODULE_AVAILABLE_juce_core=1",
					"JUCE_MODULE_AVAILABLE_juce_data_structures=1",
					"JUCE_MODULE_AVAILABLE_juce_dsp=1",
					"JUCE_MODULE_AVAILABLE_juce_events=1",
					"JUCE_MODULE_AVAILABLE_juce_graphics=1",
					"JUCE_MODULE_AVAILABLE_juce_gui_basics=1",
					"JUCE_MODULE_AVAILABLE_juce_gui_extra=1",
					"JUCE_MODULE_AVAILABLE_viator_modules=1",
					"JUCE_GLOBAL_MODULE_SETTINGS_INCLUDED=1",
					"JUCE_VST3_CAN_REPLACE_VST2=0",
					"JUCE_STRICT_REFCOUNTEDPOINTER=1",
					"JucePlugin_Build_VST=0",
					"JucePlugin_Build_VST3=1",
					"JucePlugin_Build_AU=0",
					"JucePlugin_Build_AUv3=0",
					"JucePlugin_Build_AAX=0",
					"JucePlugin_Build_Standalone=0",
					"JucePlugin_Build_Unity=0",
					"JucePlugin_Build_LV2=0",
					"JucePlugin_Enable_IAA=0",
					"JucePlugin_Enable_ARA=0",
					"JucePlugin_Name=\\\"Marauder_2.0\\\"",
					"JucePlugin_Desc=\\\"Marauder\\\"",
					"JucePlugin_Manufacturer=\\\"Viator\\ DSP\\\"",
					"JucePlugin_ManufacturerWebsite=\\\"www.ViatorDSP.com\\\"",
					"JucePlugin_ManufacturerEmail=\\\"\\\"",
					"JucePlugin_ManufacturerCode=0x4d616e75",
					"JucePlugin_PluginCode=0x4f633367",
					"JucePlugin_IsSynth=0",
					"JucePlugin_WantsMidiInput=0",
					"JucePlugin_ProducesMidiOutput=0",
					"JucePlugin_IsMidiEffect=0",
					"JucePlugin_EditorRequiresKeyboardFocus=0",
					"JucePlugin_Version=1.0.0",
					"JucePlugin_VersionCode=0x10000",
					"JucePlugin_VersionString=\\\"1.0.0\\\"",
					"JucePlugin_VSTUniqueID=JucePlugin_PluginCode",
					"JucePlugin_VSTCategory=kPlugCategEffect",
					"JucePlugin_Vst3Category=\\\"Fx\\\"",
					"JucePlugin_AUMainType=\\'aufx\\'",
					"JucePlugin_AUSubType=JucePlugin_PluginCode",
					"JucePlugin_AUExportPrefix=MarauderAU",
					"JucePlugin_AUExportPrefixQuoted=\\\"MarauderAU\\\"",
					"JucePlugin_AUManufacturerCode=JucePlugin_ManufacturerCode",
					"JucePlugin_CFBundleIdentifier=com.ViatorDSP.Marauder2.0",
					"JucePlugin_AAXIdentifier=com.ViatorDSP.Marauder",
					"JucePlugin_AAXManufacturerCode=JucePlugin_ManufacturerCode",
					"JucePlugin_AAXProductId=JucePlugin_PluginCode",
					"JucePlugin_AAXCategory=0",
					"JucePlugin_AAXDisableBypass=0",
					"JucePlugin_AAXDisableMultiMono=0",
					"JucePlugin_IAAType=0x61757278",
					"JucePlugin_IAASubType=JucePlugin_PluginCode",
					"JucePlugin_IAAName=\\\"Viator\\ DSP:\\ Marauder_2.0\\\"",
					"JucePlugin_VSTNumMidiInputs=16",
					"JucePlugin_VSTNumMidiOutputs=16",
					"JucePlugin_ARAContentTypes=0",
					"JucePlugin_ARATransformationFlags=0",
					"JucePlugin_ARAFactoryID=\\\"com.ViatorDSP.Marauder.factory\\\"",
					"JucePlugin_ARADocumentArchiveID=\\\"com.ViatorDSP.Marauder.aradocumentarchive.1.0.0\\\"",
					"JucePlugin_ARACompatibleArchiveIDs=\\\"\\\"",
					"JUCE_STANDALONE_APPLICATION=JucePlugin_Build_Standalone",
					"JUCER_XCODE_MAC_F6D2F4CF=1",
					"JUCE_APP_VERSION=1.0.0",
					"JUCE_APP_VERSION_HEX=0x10000",
				);
				GCC_VERSION = com.apple.compilers.llvm.clang.1_0;
				GENERATE_PKGINFO_FILE = YES;
				HEADER_SEARCH_PATHS = (
					"$(SRCROOT)/../../../../JUCE/modules/juce_audio_processors/format_types/VST3_SDK",
					"$(SRCROOT)/../../JuceLibraryCode",
					"$(SRCROOT)/../../../../JUCE/modules",
					"$(SRCROOT)/../../JuceLibraryCode/modules",
					"$(SRCROOT)/../../../../JUCE/modules/juce_audio_plugin_client",
					"$(inherited)",
				);
				INFOPLIST_FILE = Info-VST3.plist;
				INFOPLIST_PREPROCESS = NO;
				INSTALL_PATH = "$(HOME)/Library/Audio/Plug-Ins/VST3/";
				LIBRARY_STYLE = Bundle;
				LLVM_LTO = YES;
				MACOSX_DEPLOYMENT_TARGET = 10.11;
				MTL_HEADER_SEARCH_PATHS = "$(SRCROOT)/../../../../JUCE/modules/juce_audio_processors/format_types/VST3_SDK $(SRCROOT)/../../JuceLibraryCode $(SRCROOT)/../../../../JUCE/modules $(SRCROOT)/../../JuceLibraryCode/modules $(SRCROOT)/../../../../JUCE/modules/juce_audio_plugin_client";
				OTHER_LDFLAGS = "-bundle -lMarauder -weak_framework Metal -weak_framework MetalKit";
				PRODUCT_BUNDLE_IDENTIFIER = com.ViatorDSP.Marauder2.0;
				PRODUCT_NAME = "Marauder";
				USE_HEADERMAP = NO;
				VALID_ARCHS = "i386 x86_64 arm64 arm64e";
				WRAPPER_EXTENSION = vst3;
			};
			name = Release;
		};
/* End XCBuildConfiguration section */

/* Begin XCConfigurationList section */
		4937C95BACA3AA48AF976B8A = {
			isa = XCConfigurationList;
			buildConfigurations = (
				2832A62534AD2874451E904A,
				51BC32863CA6D0E748DC9354,
			);
			defaultConfigurationIsVisible = 0;
			defaultConfigurationName = Debug;
		};
		68370BDF0C689B031BDCB834 = {
			isa = XCConfigurationList;
			buildConfigurations = (
				AF1A9893EB5E22413ADC755C,
				60D9E220DB685A1A691C3F5C,
			);
			defaultConfigurationIsVisible = 0;
			defaultConfigurationName = Debug;
		};
		7DD77E2FBF1C36E717C21F3E = {
			isa = XCConfigurationList;
			buildConfigurations = (
				8E9F074A8240E2E4F7456A52,
				8FF746222F20F6123D305347,
			);
			defaultConfigurationIsVisible = 0;
			defaultConfigurationName = Debug;
		};
		AC1BCA6C5F1DD49426EBB3BA = {
			isa = XCConfigurationList;
			buildConfigurations = (
				0666C32DD59CBA4D73CE2BC6,
				178D9F8E9368EEAB9CE097BD,
			);
			defaultConfigurationIsVisible = 0;
			defaultConfigurationName = Debug;
		};
		D1DC2E9A01905A75BB76803C = {
			isa = XCConfigurationList;
			buildConfigurations = (
				5A56FAB200532BC747E104C6,
				DC33C40FEF9A6A373C968516,
			);
			defaultConfigurationIsVisible = 0;
			defaultConfigurationName = Debug;
		};
		DB63C4FB204309A771C9A9D1 = {
			isa = XCConfigurationList;
			buildConfigurations = (
				984D479B679489374506A165,
				096F89DA5EDC219AA66616B6,
			);
			defaultConfigurationIsVisible = 0;
			defaultConfigurationName = Debug;
		};
/* End XCConfigurationList section */
	};
	rootObject = C46897A0FF949D6848672776 /* Project object */;
}
